
Microsoft Visual Studio Solution File, Format Version 12.00
# Visual Studio Version 17
VisualStudioVersion = 17.11.35312.102
MinimumVisualStudioVersion = 10.0.40219.1
Project("{FAE04EC0-301F-11D3-BF4B-00C04F79EFBC}") = "WPF", "WPF\WPF.csproj", "{35E1B9AB-C841-4CA3-B798-C39A4F9B06AD}"
EndProject
Project("{FAE04EC0-301F-11D3-BF4B-00C04F79EFBC}") = "functions", "functions\functions.csproj", "{8FB2FF5A-5AAD-4EB9-92A7-7F794B337D48}"
EndProject
Project("{FAE04EC0-301F-11D3-BF4B-00C04F79EFBC}") = "Uppercase", "FunctionUppercase\Uppercase.csproj", "{F6BDC1FD-E0CA-4F8B-86E8-5DBFC5E8186A}"
EndProject
Project("{FAE04EC0-301F-11D3-BF4B-00C04F79EFBC}") = "inListOrnot", "FunctionCaseSensitive\inListOrnot.csproj", "{92DFE799-E91A-42EB-AB6D-7457CA2C0E47}"
EndProject
Project("{FAE04EC0-301F-11D3-BF4B-00C04F79EFBC}") = "listOutAllNames", "listOutAllNames\listOutAllNames.csproj", "{DA7934BA-FC18-4D99-A97A-1AEB4CFC08C6}"
EndProject
Project("{2150E333-8FDC-42A3-9474-1A3956D46DE8}") = "Day4", "Day4", "{943534DF-EC44-4112-910D-295D99476BD9}"
EndProject
Project("{FAE04EC0-301F-11D3-BF4B-00C04F79EFBC}") = "StringReplace", "functionString\StringReplace.csproj", "{D99D9744-B2B0-4035-A1CC-651B95D24944}"
EndProject
Project("{FAE04EC0-301F-11D3-BF4B-00C04F79EFBC}") = "Occurence", "SplitEachWords\Occurence.csproj", "{7D17CF98-D496-46CC-975D-0095E084DD9C}"
EndProject
Project("{FAE04EC0-301F-11D3-BF4B-00C04F79EFBC}") = "foreachSkipOcuurence", "foreachSkipOcuurence\foreachSkipOcuurence.csproj", "{11C41553-C5BA-4F91-8715-9F4AC1B8B8F7}"
EndProject
Project("{FAE04EC0-301F-11D3-BF4B-00C04F79EFBC}") = "palindrome", "palindrome\palindrome.csproj", "{04432BD4-0AD6-4FBB-BC16-F296548A3DFB}"
EndProject
Project("{FAE04EC0-301F-11D3-BF4B-00C04F79EFBC}") = "StringOperations", "StringOperations\StringOperations.csproj", "{32789D53-1546-4628-B8DB-9BA448BE36FB}"
EndProject
Project("{FAE04EC0-301F-11D3-BF4B-00C04F79EFBC}") = "StringBuildArr", "StringBuildArr\StringBuildArr.csproj", "{3FB73F9D-CDBA-4519-A26A-740772114721}"
EndProject
Project("{FAE04EC0-301F-11D3-BF4B-00C04F79EFBC}") = "EvenNum", "EvenNum\EvenNum.csproj", "{46826ED0-6A7C-4355-875E-AE3C793B5C31}"
EndProject
Project("{FAE04EC0-301F-11D3-BF4B-00C04F79EFBC}") = "DigitToWords", "DigitToWords\DigitToWords.csproj", "{DFCF6B7F-4830-400B-B35C-4FBE1C4D8FA8}"
EndProject
Project("{FAE04EC0-301F-11D3-BF4B-00C04F79EFBC}") = "swapCase", "swapCase\swapCase.csproj", "{2684621A-3195-496E-A313-587DDFEC1D24}"
EndProject
Project("{FAE04EC0-301F-11D3-BF4B-00C04F79EFBC}") = "OneSIdePyramid", "OneSIdePyramid\OneSIdePyramid.csproj", "{8563648B-AAD8-4A5B-9B83-FE28BFBEF101}"
EndProject
Project("{FAE04EC0-301F-11D3-BF4B-00C04F79EFBC}") = "oneSidedNumPyramid", "oneSidedNumPyramid\oneSidedNumPyramid.csproj", "{92F32C42-017A-43AC-AD14-85DF852A2A9A}"
EndProject
Project("{FAE04EC0-301F-11D3-BF4B-00C04F79EFBC}") = "PyramidNum", "PyramidNum\PyramidNum.csproj", "{EB1760EE-BF0D-4D8F-8779-E5EB8402655B}"
EndProject
Project("{FAE04EC0-301F-11D3-BF4B-00C04F79EFBC}") = "vowel", "vowel\vowel.csproj", "{E88A41C1-EB50-43F1-B4FA-2C8048642718}"
EndProject
Global
	GlobalSection(SolutionConfigurationPlatforms) = preSolution
		Debug|Any CPU = Debug|Any CPU
		Release|Any CPU = Release|Any CPU
	EndGlobalSection
	GlobalSection(ProjectConfigurationPlatforms) = postSolution
		{35E1B9AB-C841-4CA3-B798-C39A4F9B06AD}.Debug|Any CPU.ActiveCfg = Debug|Any CPU
		{35E1B9AB-C841-4CA3-B798-C39A4F9B06AD}.Debug|Any CPU.Build.0 = Debug|Any CPU
		{35E1B9AB-C841-4CA3-B798-C39A4F9B06AD}.Release|Any CPU.ActiveCfg = Release|Any CPU
		{35E1B9AB-C841-4CA3-B798-C39A4F9B06AD}.Release|Any CPU.Build.0 = Release|Any CPU
		{8FB2FF5A-5AAD-4EB9-92A7-7F794B337D48}.Debug|Any CPU.ActiveCfg = Debug|Any CPU
		{8FB2FF5A-5AAD-4EB9-92A7-7F794B337D48}.Debug|Any CPU.Build.0 = Debug|Any CPU
		{8FB2FF5A-5AAD-4EB9-92A7-7F794B337D48}.Release|Any CPU.ActiveCfg = Release|Any CPU
		{8FB2FF5A-5AAD-4EB9-92A7-7F794B337D48}.Release|Any CPU.Build.0 = Release|Any CPU
		{F6BDC1FD-E0CA-4F8B-86E8-5DBFC5E8186A}.Debug|Any CPU.ActiveCfg = Debug|Any CPU
		{F6BDC1FD-E0CA-4F8B-86E8-5DBFC5E8186A}.Debug|Any CPU.Build.0 = Debug|Any CPU
		{F6BDC1FD-E0CA-4F8B-86E8-5DBFC5E8186A}.Release|Any CPU.ActiveCfg = Release|Any CPU
		{F6BDC1FD-E0CA-4F8B-86E8-5DBFC5E8186A}.Release|Any CPU.Build.0 = Release|Any CPU
		{92DFE799-E91A-42EB-AB6D-7457CA2C0E47}.Debug|Any CPU.ActiveCfg = Debug|Any CPU
		{92DFE799-E91A-42EB-AB6D-7457CA2C0E47}.Debug|Any CPU.Build.0 = Debug|Any CPU
		{92DFE799-E91A-42EB-AB6D-7457CA2C0E47}.Release|Any CPU.ActiveCfg = Release|Any CPU
		{92DFE799-E91A-42EB-AB6D-7457CA2C0E47}.Release|Any CPU.Build.0 = Release|Any CPU
		{DA7934BA-FC18-4D99-A97A-1AEB4CFC08C6}.Debug|Any CPU.ActiveCfg = Debug|Any CPU
		{DA7934BA-FC18-4D99-A97A-1AEB4CFC08C6}.Debug|Any CPU.Build.0 = Debug|Any CPU
		{DA7934BA-FC18-4D99-A97A-1AEB4CFC08C6}.Release|Any CPU.ActiveCfg = Release|Any CPU
		{DA7934BA-FC18-4D99-A97A-1AEB4CFC08C6}.Release|Any CPU.Build.0 = Release|Any CPU
		{D99D9744-B2B0-4035-A1CC-651B95D24944}.Debug|Any CPU.ActiveCfg = Debug|Any CPU
		{D99D9744-B2B0-4035-A1CC-651B95D24944}.Debug|Any CPU.Build.0 = Debug|Any CPU
		{D99D9744-B2B0-4035-A1CC-651B95D24944}.Release|Any CPU.ActiveCfg = Release|Any CPU
		{D99D9744-B2B0-4035-A1CC-651B95D24944}.Release|Any CPU.Build.0 = Release|Any CPU
		{7D17CF98-D496-46CC-975D-0095E084DD9C}.Debug|Any CPU.ActiveCfg = Debug|Any CPU
		{7D17CF98-D496-46CC-975D-0095E084DD9C}.Debug|Any CPU.Build.0 = Debug|Any CPU
		{7D17CF98-D496-46CC-975D-0095E084DD9C}.Release|Any CPU.ActiveCfg = Release|Any CPU
		{7D17CF98-D496-46CC-975D-0095E084DD9C}.Release|Any CPU.Build.0 = Release|Any CPU
		{11C41553-C5BA-4F91-8715-9F4AC1B8B8F7}.Debug|Any CPU.ActiveCfg = Debug|Any CPU
		{11C41553-C5BA-4F91-8715-9F4AC1B8B8F7}.Debug|Any CPU.Build.0 = Debug|Any CPU
		{11C41553-C5BA-4F91-8715-9F4AC1B8B8F7}.Release|Any CPU.ActiveCfg = Release|Any CPU
		{11C41553-C5BA-4F91-8715-9F4AC1B8B8F7}.Release|Any CPU.Build.0 = Release|Any CPU
		{04432BD4-0AD6-4FBB-BC16-F296548A3DFB}.Debug|Any CPU.ActiveCfg = Debug|Any CPU
		{04432BD4-0AD6-4FBB-BC16-F296548A3DFB}.Debug|Any CPU.Build.0 = Debug|Any CPU
		{04432BD4-0AD6-4FBB-BC16-F296548A3DFB}.Release|Any CPU.ActiveCfg = Release|Any CPU
		{04432BD4-0AD6-4FBB-BC16-F296548A3DFB}.Release|Any CPU.Build.0 = Release|Any CPU
		{32789D53-1546-4628-B8DB-9BA448BE36FB}.Debug|Any CPU.ActiveCfg = Debug|Any CPU
		{32789D53-1546-4628-B8DB-9BA448BE36FB}.Debug|Any CPU.Build.0 = Debug|Any CPU
		{32789D53-1546-4628-B8DB-9BA448BE36FB}.Release|Any CPU.ActiveCfg = Release|Any CPU
		{32789D53-1546-4628-B8DB-9BA448BE36FB}.Release|Any CPU.Build.0 = Release|Any CPU
		{3FB73F9D-CDBA-4519-A26A-740772114721}.Debug|Any CPU.ActiveCfg = Debug|Any CPU
		{3FB73F9D-CDBA-4519-A26A-740772114721}.Debug|Any CPU.Build.0 = Debug|Any CPU
		{3FB73F9D-CDBA-4519-A26A-740772114721}.Release|Any CPU.ActiveCfg = Release|Any CPU
		{3FB73F9D-CDBA-4519-A26A-740772114721}.Release|Any CPU.Build.0 = Release|Any CPU
		{46826ED0-6A7C-4355-875E-AE3C793B5C31}.Debug|Any CPU.ActiveCfg = Debug|Any CPU
		{46826ED0-6A7C-4355-875E-AE3C793B5C31}.Debug|Any CPU.Build.0 = Debug|Any CPU
		{46826ED0-6A7C-4355-875E-AE3C793B5C31}.Release|Any CPU.ActiveCfg = Release|Any CPU
		{46826ED0-6A7C-4355-875E-AE3C793B5C31}.Release|Any CPU.Build.0 = Release|Any CPU
		{DFCF6B7F-4830-400B-B35C-4FBE1C4D8FA8}.Debug|Any CPU.ActiveCfg = Debug|Any CPU
		{DFCF6B7F-4830-400B-B35C-4FBE1C4D8FA8}.Debug|Any CPU.Build.0 = Debug|Any CPU
		{DFCF6B7F-4830-400B-B35C-4FBE1C4D8FA8}.Release|Any CPU.ActiveCfg = Release|Any CPU
		{DFCF6B7F-4830-400B-B35C-4FBE1C4D8FA8}.Release|Any CPU.Build.0 = Release|Any CPU
		{2684621A-3195-496E-A313-587DDFEC1D24}.Debug|Any CPU.ActiveCfg = Debug|Any CPU
		{2684621A-3195-496E-A313-587DDFEC1D24}.Debug|Any CPU.Build.0 = Debug|Any CPU
		{2684621A-3195-496E-A313-587DDFEC1D24}.Release|Any CPU.ActiveCfg = Release|Any CPU
		{2684621A-3195-496E-A313-587DDFEC1D24}.Release|Any CPU.Build.0 = Release|Any CPU
		{8563648B-AAD8-4A5B-9B83-FE28BFBEF101}.Debug|Any CPU.ActiveCfg = Debug|Any CPU
		{8563648B-AAD8-4A5B-9B83-FE28BFBEF101}.Debug|Any CPU.Build.0 = Debug|Any CPU
		{8563648B-AAD8-4A5B-9B83-FE28BFBEF101}.Release|Any CPU.ActiveCfg = Release|Any CPU
		{8563648B-AAD8-4A5B-9B83-FE28BFBEF101}.Release|Any CPU.Build.0 = Release|Any CPU
		{92F32C42-017A-43AC-AD14-85DF852A2A9A}.Debug|Any CPU.ActiveCfg = Debug|Any CPU
		{92F32C42-017A-43AC-AD14-85DF852A2A9A}.Debug|Any CPU.Build.0 = Debug|Any CPU
		{92F32C42-017A-43AC-AD14-85DF852A2A9A}.Release|Any CPU.ActiveCfg = Release|Any CPU
		{92F32C42-017A-43AC-AD14-85DF852A2A9A}.Release|Any CPU.Build.0 = Release|Any CPU
		{EB1760EE-BF0D-4D8F-8779-E5EB8402655B}.Debug|Any CPU.ActiveCfg = Debug|Any CPU
		{EB1760EE-BF0D-4D8F-8779-E5EB8402655B}.Debug|Any CPU.Build.0 = Debug|Any CPU
		{EB1760EE-BF0D-4D8F-8779-E5EB8402655B}.Release|Any CPU.ActiveCfg = Release|Any CPU
		{EB1760EE-BF0D-4D8F-8779-E5EB8402655B}.Release|Any CPU.Build.0 = Release|Any CPU
		{E88A41C1-EB50-43F1-B4FA-2C8048642718}.Debug|Any CPU.ActiveCfg = Debug|Any CPU
		{E88A41C1-EB50-43F1-B4FA-2C8048642718}.Debug|Any CPU.Build.0 = Debug|Any CPU
		{E88A41C1-EB50-43F1-B4FA-2C8048642718}.Release|Any CPU.ActiveCfg = Release|Any CPU
		{E88A41C1-EB50-43F1-B4FA-2C8048642718}.Release|Any CPU.Build.0 = Release|Any CPU
	EndGlobalSection
	GlobalSection(SolutionProperties) = preSolution
		HideSolutionNode = FALSE
	EndGlobalSection
	GlobalSection(NestedProjects) = preSolution
		{8FB2FF5A-5AAD-4EB9-92A7-7F794B337D48} = {943534DF-EC44-4112-910D-295D99476BD9}
		{F6BDC1FD-E0CA-4F8B-86E8-5DBFC5E8186A} = {943534DF-EC44-4112-910D-295D99476BD9}
		{92DFE799-E91A-42EB-AB6D-7457CA2C0E47} = {943534DF-EC44-4112-910D-295D99476BD9}
		{D99D9744-B2B0-4035-A1CC-651B95D24944} = {943534DF-EC44-4112-910D-295D99476BD9}
		{7D17CF98-D496-46CC-975D-0095E084DD9C} = {943534DF-EC44-4112-910D-295D99476BD9}
		{11C41553-C5BA-4F91-8715-9F4AC1B8B8F7} = {943534DF-EC44-4112-910D-295D99476BD9}
		{04432BD4-0AD6-4FBB-BC16-F296548A3DFB} = {943534DF-EC44-4112-910D-295D99476BD9}
		{32789D53-1546-4628-B8DB-9BA448BE36FB} = {943534DF-EC44-4112-910D-295D99476BD9}
		{3FB73F9D-CDBA-4519-A26A-740772114721} = {943534DF-EC44-4112-910D-295D99476BD9}
		{46826ED0-6A7C-4355-875E-AE3C793B5C31} = {943534DF-EC44-4112-910D-295D99476BD9}
		{DFCF6B7F-4830-400B-B35C-4FBE1C4D8FA8} = {943534DF-EC44-4112-910D-295D99476BD9}
		{2684621A-3195-496E-A313-587DDFEC1D24} = {943534DF-EC44-4112-910D-295D99476BD9}
		{8563648B-AAD8-4A5B-9B83-FE28BFBEF101} = {943534DF-EC44-4112-910D-295D99476BD9}
		{92F32C42-017A-43AC-AD14-85DF852A2A9A} = {943534DF-EC44-4112-910D-295D99476BD9}
		{EB1760EE-BF0D-4D8F-8779-E5EB8402655B} = {943534DF-EC44-4112-910D-295D99476BD9}
		{E88A41C1-EB50-43F1-B4FA-2C8048642718} = {943534DF-EC44-4112-910D-295D99476BD9}
	EndGlobalSection
	GlobalSection(ExtensibilityGlobals) = postSolution
		SolutionGuid = {CFD77071-F034-4289-87F3-44BEA7FF9852}
	EndGlobalSection
EndGlobal
