
Microsoft Visual Studio Solution File, Format Version 12.00
# Visual Studio Version 17
VisualStudioVersion = 17.11.35327.3
MinimumVisualStudioVersion = 10.0.40219.1
Project("{2150E333-8FDC-42A3-9474-1A3956D46DE8}") = "Assessment 1", "Assessment 1", "{DE88B8B1-A2D9-48A0-9C9F-5E53AA8A22FE}"
EndProject
Project("{FAE04EC0-301F-11D3-BF4B-00C04F79EFBC}") = "PatientRecordSystem", "Assessment 1\PatientRecordSystem\PatientRecordSystem.csproj", "{B3FEDA45-D1F2-4B0D-BA16-15EA8C980506}"
EndProject
Project("{2150E333-8FDC-42A3-9474-1A3956D46DE8}") = "Day 1-3", "Day 1-3", "{0D2DD5A7-01F9-47BF-845D-E5F8CACA63BD}"
EndProject
Project("{FAE04EC0-301F-11D3-BF4B-00C04F79EFBC}") = "Day1-3", "Day 1-3\Day1-3\Day1-3.csproj", "{6CB97F99-F400-4A80-AF74-BBF57939EEEA}"
EndProject
Project("{2150E333-8FDC-42A3-9474-1A3956D46DE8}") = "Day 4", "Day 4", "{4B7FB24A-B2B6-44E4-B1CB-7598F9B376DE}"
EndProject
Project("{FAE04EC0-301F-11D3-BF4B-00C04F79EFBC}") = "DigitToWords", "Day 4\DigitToWords\DigitToWords.csproj", "{B7896717-8348-4E28-84F8-22C8BC71D608}"
EndProject
Project("{FAE04EC0-301F-11D3-BF4B-00C04F79EFBC}") = "EvenNum", "Day 4\EvenNum\EvenNum.csproj", "{F2401EE8-F3D2-4C28-96B0-8F00CA32A7B2}"
EndProject
Project("{FAE04EC0-301F-11D3-BF4B-00C04F79EFBC}") = "ForeachSkipOccurence", "Day 4\ForeachSkipOccurence\ForeachSkipOccurence.csproj", "{FBFF8CB9-FF75-4837-9758-BE0517BD8FF6}"
EndProject
Project("{FAE04EC0-301F-11D3-BF4B-00C04F79EFBC}") = "FunctionCaseSensitive", "Day 4\FunctionCaseSensitive\FunctionCaseSensitive.csproj", "{294FCCAF-AF6E-4CEF-BB0C-4FB1ACE7C9EB}"
EndProject
Project("{FAE04EC0-301F-11D3-BF4B-00C04F79EFBC}") = "functions", "Day 4\functions\functions.csproj", "{1858E523-87E6-425E-92F0-361513045245}"
EndProject
Project("{FAE04EC0-301F-11D3-BF4B-00C04F79EFBC}") = "functionString", "Day 4\functionString\functionString.csproj", "{C8FCE77F-CC19-4478-A5E3-81CCFD753B40}"
EndProject
Project("{FAE04EC0-301F-11D3-BF4B-00C04F79EFBC}") = "FunctionUpperCase", "Day 4\FunctionUpperCase\FunctionUpperCase.csproj", "{2E913B16-FA37-4C48-8343-B50D94D5C61D}"
EndProject
Project("{FAE04EC0-301F-11D3-BF4B-00C04F79EFBC}") = "OddNum", "Day 4\OddNum\OddNum.csproj", "{9123308B-263C-4C01-BB51-8FBE15108086}"
EndProject
Project("{FAE04EC0-301F-11D3-BF4B-00C04F79EFBC}") = "OneSidedNumPyramid", "Day 4\OneSidedNumPyramid\OneSidedNumPyramid.csproj", "{1C07D83F-76FC-48DB-916A-EFF7CC8289F3}"
EndProject
Project("{FAE04EC0-301F-11D3-BF4B-00C04F79EFBC}") = "OneSidePyramid", "Day 4\OneSidePyramid\OneSidePyramid.csproj", "{C0A527B7-FF01-49CE-8B07-F6637AC7118F}"
EndProject
Project("{FAE04EC0-301F-11D3-BF4B-00C04F79EFBC}") = "Palindrome", "Day 4\Palindrome\Palindrome.csproj", "{2E4299D1-D808-43D8-A4DD-503F2C3868C9}"
EndProject
Project("{FAE04EC0-301F-11D3-BF4B-00C04F79EFBC}") = "PyramidNum", "Day 4\PyramidNum\PyramidNum.csproj", "{8B21BA4A-586C-4A0F-A71A-5F1AC8C26C45}"
EndProject
Project("{FAE04EC0-301F-11D3-BF4B-00C04F79EFBC}") = "SplitEachWords", "Day 4\SplitEachWords\SplitEachWords.csproj", "{CCEBE9D5-C29B-4302-988A-B2097CE9ACA2}"
EndProject
Project("{FAE04EC0-301F-11D3-BF4B-00C04F79EFBC}") = "StringBuildArray", "Day 4\StringBuildArray\StringBuildArray.csproj", "{802839B0-88D2-4B35-AD00-376777E6E4C1}"
EndProject
Project("{FAE04EC0-301F-11D3-BF4B-00C04F79EFBC}") = "StringOperations", "Day 4\StringOperations\StringOperations.csproj", "{CA6C2E45-A94F-4815-8D91-9E04293FB7D5}"
EndProject
Project("{FAE04EC0-301F-11D3-BF4B-00C04F79EFBC}") = "SwapCase", "Day 4\SwapCase\SwapCase.csproj", "{82FA4311-408A-421B-A854-8C37AE1B2F33}"
EndProject
Project("{FAE04EC0-301F-11D3-BF4B-00C04F79EFBC}") = "Vowels", "Day 4\Vowels\Vowels.csproj", "{BFA00740-3994-4A3D-B19E-2D255FA4AD4E}"
EndProject
Project("{2150E333-8FDC-42A3-9474-1A3956D46DE8}") = "Day 5", "Day 5", "{7B621A29-EAE0-49A6-989A-9477045BCD10}"
EndProject
Project("{FAE04EC0-301F-11D3-BF4B-00C04F79EFBC}") = "Age", "Day 5\Age\Age.csproj", "{659FCFD9-75C6-4863-976C-8C27E9C840B9}"
EndProject
Project("{FAE04EC0-301F-11D3-BF4B-00C04F79EFBC}") = "DateAndTime", "Day 5\DateAndTime\DateAndTime.csproj", "{E3CBC76A-1B52-42B9-8002-99FC6E042266}"
EndProject
Project("{FAE04EC0-301F-11D3-BF4B-00C04F79EFBC}") = "DictionaryType", "Day 5\DictionaryType\DictionaryType.csproj", "{A0CABF98-5810-4B56-8AB7-EE7BBD2C8D05}"
EndProject
Project("{FAE04EC0-301F-11D3-BF4B-00C04F79EFBC}") = "DifferentMarks", "Day 5\DifferentMarks\DifferentMarks.csproj", "{F909675F-632E-43BF-B07D-1CFCE2DAB44F}"
EndProject
Project("{FAE04EC0-301F-11D3-BF4B-00C04F79EFBC}") = "List", "Day 5\List\List.csproj", "{DDC65400-DCA8-42B5-8089-9C0B3BA11F12}"
EndProject
Project("{FAE04EC0-301F-11D3-BF4B-00C04F79EFBC}") = "Marks", "Day 5\Marks\Marks.csproj", "{CF6C1119-56B9-4A9A-BC0F-B0BDC670F075}"
EndProject
Project("{FAE04EC0-301F-11D3-BF4B-00C04F79EFBC}") = "NameSpace", "Day 5\NameSpace\NameSpace.csproj", "{FEDE652D-924A-4B66-860E-79B6FBB13A01}"
EndProject
Project("{FAE04EC0-301F-11D3-BF4B-00C04F79EFBC}") = "Object", "Day 5\Object\Object.csproj", "{A957D841-ADB5-4A00-AF74-CA59659F4E97}"
EndProject
Project("{FAE04EC0-301F-11D3-BF4B-00C04F79EFBC}") = "OverwriteOrNot", "Day 5\OverwriteOrNot\OverwriteOrNot.csproj", "{8AE05F9A-C274-4415-9121-C3642CF6AD0A}"
EndProject
Project("{FAE04EC0-301F-11D3-BF4B-00C04F79EFBC}") = "RemoveFromList", "Day 5\RemoveFromList\RemoveFromList.csproj", "{1B5BDE52-E0B0-4C92-AF0A-F9536140221C}"
EndProject
Project("{FAE04EC0-301F-11D3-BF4B-00C04F79EFBC}") = "SearchUserById", "Day 5\SearchUserById\SearchUserById.csproj", "{E4AED0A5-1199-4240-8CE4-9FFEFD7F9EE4}"
EndProject
Project("{FAE04EC0-301F-11D3-BF4B-00C04F79EFBC}") = "StudentId", "Day 5\StudentId\StudentId.csproj", "{E7EEBB3D-1819-4044-9720-34DFD2D05B0A}"
EndProject
Project("{2150E333-8FDC-42A3-9474-1A3956D46DE8}") = "Day 6", "Day 6", "{46BC85E3-71FD-4E81-B0B8-4E0C318F5E07}"
EndProject
Project("{2150E333-8FDC-42A3-9474-1A3956D46DE8}") = "Day 7", "Day 7", "{2A65C425-FA5F-42C7-A9A8-8611ACF8DCD0}"
EndProject
Project("{2150E333-8FDC-42A3-9474-1A3956D46DE8}") = "Assignments", "Assignments", "{89631136-0B71-4CFD-B607-EB445418455A}"
EndProject
Project("{FAE04EC0-301F-11D3-BF4B-00C04F79EFBC}") = "Day11.1_CreditCard", "Assignments\Day11.1_CreditCard\Day11.1_CreditCard.csproj", "{A512C416-B2E8-4E52-8954-58842BAF3EC7}"
EndProject
Project("{FAE04EC0-301F-11D3-BF4B-00C04F79EFBC}") = "Day9.2.Inventory", "Assignments\Day9.2.Inventory\Day9.2.Inventory.csproj", "{61809918-9666-4A66-A2BF-361018605809}"
EndProject
Project("{2150E333-8FDC-42A3-9474-1A3956D46DE8}") = "Day 11", "Day 11", "{87001733-47AE-416B-97AF-1815ADF1E3FB}"
EndProject
Project("{FAE04EC0-301F-11D3-BF4B-00C04F79EFBC}") = "CalculatorClass", "Day 11\CalculatorClass\CalculatorClass.csproj", "{5F67D73B-A029-4195-B47A-F21A6A2DDE32}"
EndProject
Project("{FAE04EC0-301F-11D3-BF4B-00C04F79EFBC}") = "Smartphone", "Day 11\Smartphone\Smartphone.csproj", "{C33E0EC6-F1F5-4E86-86E2-2BDAD9127DC0}"
EndProject
Project("{FAE04EC0-301F-11D3-BF4B-00C04F79EFBC}") = "ClassAndObject", "Day 11\ClassAndObject\ClassAndObject.csproj", "{84CD4A1D-E8E2-41DD-BE44-9B4F18B1723B}"
EndProject
Project("{FAE04EC0-301F-11D3-BF4B-00C04F79EFBC}") = "StudentClass", "Day 11\StudentClass\StudentClass.csproj", "{C3689215-4DCA-40E1-92A8-2CC39F6046DB}"
EndProject
Project("{2150E333-8FDC-42A3-9474-1A3956D46DE8}") = "Day 12", "Day 12", "{38ADF637-63E2-4998-AC14-606A08F23EE1}"
EndProject
Project("{FAE04EC0-301F-11D3-BF4B-00C04F79EFBC}") = "CreditCardManaging", "Day 11\CreditCardManaging\CreditCardManaging.csproj", "{E028D813-5F6F-4D8C-88EC-3BE777A5E7C7}"
EndProject
Project("{FAE04EC0-301F-11D3-BF4B-00C04F79EFBC}") = "Student", "Day 12\Student\Student.csproj", "{3EDFABAF-52D3-4254-8DDC-49A3FDF19F08}"
EndProject
Project("{FAE04EC0-301F-11D3-BF4B-00C04F79EFBC}") = "getter", "Day 12\getter\getter.csproj", "{328AA089-24E2-4AE4-A538-6DD027F9633D}"
EndProject
Project("{FAE04EC0-301F-11D3-BF4B-00C04F79EFBC}") = "Inheritance", "Day 12\Inheritance\Inheritance.csproj", "{EA9A2127-3B6F-4E89-8108-07580540F632}"
EndProject
Project("{FAE04EC0-301F-11D3-BF4B-00C04F79EFBC}") = "StudentInheritance", "Day 12\StudentInheritance\StudentInheritance.csproj", "{E3BC876D-3497-4756-A71B-47A6B2B66F39}"
EndProject
Project("{FAE04EC0-301F-11D3-BF4B-00C04F79EFBC}") = "Day12-StudentMark", "Assignments\Day12-StudentMark\Day12-StudentMark.csproj", "{AA29AC94-5275-4754-B728-EC563488FBA9}"
EndProject
Project("{2150E333-8FDC-42A3-9474-1A3956D46DE8}") = "Day 13", "Day 13", "{90908C30-CC00-40DC-9744-C091E48F84C8}"
EndProject
Project("{FAE04EC0-301F-11D3-BF4B-00C04F79EFBC}") = "Constructor", "Day 13\Constructor\Constructor.csproj", "{B6999387-F263-4471-9E5C-E552F88115AD}"
EndProject
Project("{FAE04EC0-301F-11D3-BF4B-00C04F79EFBC}") = "enumerator", "Day 13\enum\enumerator.csproj", "{75690519-9229-471F-8319-9369F3659644}"
EndProject
Project("{FAE04EC0-301F-11D3-BF4B-00C04F79EFBC}") = "path", "Day 13\Directory\path.csproj", "{85FAE994-7747-4189-94FC-8227C947EA38}"
EndProject
Project("{FAE04EC0-301F-11D3-BF4B-00C04F79EFBC}") = "covariants", "Day 13\covariants\covariants.csproj", "{C33D42BD-9905-404E-951E-FECB6A04B472}"
EndProject
Project("{FAE04EC0-301F-11D3-BF4B-00C04F79EFBC}") = "EmployeeManagement", "Day 13\EmployeeSystem\EmployeeManagement.csproj", "{A1C7F145-8BEB-453F-8CC3-D611AF6AA2F6}"
EndProject
Project("{FAE04EC0-301F-11D3-BF4B-00C04F79EFBC}") = "EmpyConst", "Day 13\EmpyConst\EmpyConst.csproj", "{7CE3CE9B-DBB2-4AA3-93EF-8FF9E21D9CBF}"
EndProject
Project("{2150E333-8FDC-42A3-9474-1A3956D46DE8}") = "Day 14", "Day 14", "{6314C183-C444-44FB-8E0D-2707D9E3A3C2}"
EndProject
Project("{FAE04EC0-301F-11D3-BF4B-00C04F79EFBC}") = "BookManagement", "Day 14\BookManagement\BookManagement.csproj", "{07500464-053C-4268-AA3D-B38CA6526251}"
EndProject
Project("{FAE04EC0-301F-11D3-BF4B-00C04F79EFBC}") = "BaseCalc", "Day 14\BaseCalc\BaseCalc.csproj", "{DD4C8077-89F4-448A-9C42-B0E19C28325F}"
EndProject
Project("{FAE04EC0-301F-11D3-BF4B-00C04F79EFBC}") = "Delegate", "Day 14\Delegate\Delegate.csproj", "{61E6D852-0B24-4D84-878B-24440F4F6E14}"
EndProject
Project("{FAE04EC0-301F-11D3-BF4B-00C04F79EFBC}") = "TimeDelegate", "Day 14\TimeDelegate\TimeDelegate.csproj", "{926E0D03-A348-48E1-9DD9-EC1C883316E6}"
EndProject
Project("{FAE04EC0-301F-11D3-BF4B-00C04F79EFBC}") = "ActionDelegate", "Day 14\ActionDelegate\ActionDelegate.csproj", "{F82EA035-083C-4769-AFB0-DD48AB8181E9}"
EndProject
Project("{FAE04EC0-301F-11D3-BF4B-00C04F79EFBC}") = "FunctionDelegate", "Day 14\FunctionDelegate\FunctionDelegate.csproj", "{24159516-F5BF-4F03-82C5-F1BBAF768484}"
EndProject
Project("{FAE04EC0-301F-11D3-BF4B-00C04F79EFBC}") = "PredicateDelegate", "Day 14\PredicateDelegate\PredicateDelegate.csproj", "{E1616BF4-605F-4529-B19F-23AEFC2A055A}"
EndProject
Project("{FAE04EC0-301F-11D3-BF4B-00C04F79EFBC}") = "ArrayDelegate", "Day 14\ArrayDelegate\ArrayDelegate.csproj", "{2E9FE74E-7C65-4638-8BBF-90648E2004A9}"
EndProject
Project("{FAE04EC0-301F-11D3-BF4B-00C04F79EFBC}") = "Day14.2Vehicle", "Assignments\Day14.2Vehicle\Day14.2Vehicle.csproj", "{A33192E1-CEC2-4E94-B54F-2C2A8CC81343}"
EndProject
Project("{FAE04EC0-301F-11D3-BF4B-00C04F79EFBC}") = "Day14.3Animal", "Assignments\Day14.3Animal\Day14.3Animal.csproj", "{0BD44ABC-8223-43A9-BBF3-DFDB33EE51F6}"
EndProject
Project("{FAE04EC0-301F-11D3-BF4B-00C04F79EFBC}") = "Day14.4Calculator", "Assignments\Day14.4Calculator\Day14.4Calculator.csproj", "{81955884-0C12-4252-AF5A-324DB22E7686}"
EndProject
Project("{FAE04EC0-301F-11D3-BF4B-00C04F79EFBC}") = "Day14.5Operations", "Assignments\Day14.5Operations\Day14.5Operations.csproj", "{880C1955-4CF8-4CDC-936A-1EC99527B85F}"
EndProject
Project("{FAE04EC0-301F-11D3-BF4B-00C04F79EFBC}") = "Day14.6MessagePrinter", "Assignments\Day14.6MessagePrinter\Day14.6MessagePrinter.csproj", "{18AC2A8A-4315-46F3-B746-4307C702BCBE}"
EndProject
Project("{FAE04EC0-301F-11D3-BF4B-00C04F79EFBC}") = "Day14.7&8Func", "Assignments\Day14.7Func\Day14.7&8Func.csproj", "{32B42797-2858-412D-9C1B-7633DD90AF5C}"
EndProject
Project("{FAE04EC0-301F-11D3-BF4B-00C04F79EFBC}") = "Day14.9&10", "Assignments\Day14.9&10\Day14.9&10.csproj", "{48C7B050-CE85-40A4-8C0E-29EC300751BC}"
EndProject
Project("{FAE04EC0-301F-11D3-BF4B-00C04F79EFBC}") = "Day14.11&12Predicate", "Assignments\Day14.11&12Predicate\Day14.11&12Predicate.csproj", "{163ADEFE-4AF5-4EA9-A675-25D7B20ACD31}"
EndProject
Project("{FAE04EC0-301F-11D3-BF4B-00C04F79EFBC}") = "Day14.13Appliance", "Assignments\Day14.13Appliance\Day14.13Appliance.csproj", "{25353915-921F-45D7-B734-388AFE73025B}"
EndProject
Project("{FAE04EC0-301F-11D3-BF4B-00C04F79EFBC}") = "Day14.14Person", "Assignments\Day14.14Person\Day14.14Person.csproj", "{438FA439-EC9C-4EC3-AC35-80AFFB27B657}"
EndProject
Project("{FAE04EC0-301F-11D3-BF4B-00C04F79EFBC}") = "Day14.15Animal", "Assignments\Day14.15Animal\Day14.15Animal.csproj", "{F0AB3AC1-7E68-4D48-904E-CDCD84E4AD7C}"
EndProject
Project("{FAE04EC0-301F-11D3-BF4B-00C04F79EFBC}") = "Day14.16EmployeeBonus", "Assignments\Day14.16EmployeeBonus\Day14.16EmployeeBonus.csproj", "{D6724B84-9AD1-4E09-90CF-7E3E3475E658}"
EndProject
Project("{FAE04EC0-301F-11D3-BF4B-00C04F79EFBC}") = "Day14.1Shape", "Assignments\Day14.1Shape\Day14.1Shape.csproj", "{FF7EA23A-8481-455F-87D4-96757F605FF1}"
EndProject
Project("{2150E333-8FDC-42A3-9474-1A3956D46DE8}") = "Day 15", "Day 15", "{9D5C9C92-0611-4514-A897-9420CEA29300}"
EndProject
Project("{FAE04EC0-301F-11D3-BF4B-00C04F79EFBC}") = "Linq", "Day 15\Linq\Linq.csproj", "{2D552257-9C05-4C13-AAAF-32C1E12629C9}"
EndProject
Project("{FAE04EC0-301F-11D3-BF4B-00C04F79EFBC}") = "SkipList", "Day 15\SkipList\SkipList.csproj", "{13E4282B-2C79-41E4-B438-B50D13A34E48}"
EndProject
Project("{FAE04EC0-301F-11D3-BF4B-00C04F79EFBC}") = "ObjectList", "Day 15\ObjectList\ObjectList.csproj", "{E5A5EC47-4B03-4A7B-9ED6-D0910232F5C5}"
EndProject
Project("{FAE04EC0-301F-11D3-BF4B-00C04F79EFBC}") = "SelectMany", "Day 15\SelectMany\SelectMany.csproj", "{16BA3030-F5EF-4F1E-886B-B6A55A049E02}"
EndProject
Project("{FAE04EC0-301F-11D3-BF4B-00C04F79EFBC}") = "groupBy", "Day 15\groupBy\groupBy.csproj", "{86510686-2838-4860-8556-26F5EDDA8ED0}"
EndProject
Project("{FAE04EC0-301F-11D3-BF4B-00C04F79EFBC}") = "Day15.1", "Assignments\Day15.1\Day15.1.csproj", "{9B022F7B-E4D2-4FDA-AD8C-D63911CE915A}"
EndProject
Project("{FAE04EC0-301F-11D3-BF4B-00C04F79EFBC}") = "Day15.17", "Assignments\Day15.17\Day15.17.csproj", "{A5E65D76-3DEC-47AC-9A32-4B193E2791E0}"
EndProject
Project("{FAE04EC0-301F-11D3-BF4B-00C04F79EFBC}") = "Day15.18", "Assignments\Day15.18\Day15.18.csproj", "{8D638F9A-F732-49B4-8D22-1635C486005E}"
EndProject
Project("{FAE04EC0-301F-11D3-BF4B-00C04F79EFBC}") = "Bank", "Day 15\Bank\Bank.csproj", "{325944AB-FE7F-44B5-B251-450BE1863220}"
EndProject
Project("{FAE04EC0-301F-11D3-BF4B-00C04F79EFBC}") = "Extenstion", "Day 15\Extenstion\Extenstion.csproj", "{3C30D29A-608C-4477-A2C5-F3EEED054FC4}"
EndProject
Project("{FAE04EC0-301F-11D3-BF4B-00C04F79EFBC}") = "IntExtension", "Day 15\IsEvenExtenstion\IntExtension.csproj", "{CC391A20-6492-40F3-9FF3-A92E97D7A68B}"
EndProject
Project("{FAE04EC0-301F-11D3-BF4B-00C04F79EFBC}") = "Tuple", "Day 15\Tuple\Tuple.csproj", "{037E0C1F-1A9E-4483-A5C7-8E0D50E53263}"
EndProject
Project("{FAE04EC0-301F-11D3-BF4B-00C04F79EFBC}") = "Medical", "Day 15\Medical\Medical.csproj", "{58472011-6618-40C1-8B11-6DB6F8BFA6BD}"
EndProject
Project("{2150E333-8FDC-42A3-9474-1A3956D46DE8}") = "Day 16", "Day 16", "{00C57EF1-7C32-4A92-8C43-DE534A861310}"
EndProject
Project("{FAE04EC0-301F-11D3-BF4B-00C04F79EFBC}") = "ChangeSignature", "Day 16\ChangeSignature\ChangeSignature.csproj", "{8A3317CF-478B-4355-8D9E-9E3BB9E2B106}"
EndProject
Project("{FAE04EC0-301F-11D3-BF4B-00C04F79EFBC}") = "Library", "Day 16\Library\Library.csproj", "{39277FD0-1832-45AE-8E8A-56E588D9BCA3}"
EndProject
Project("{FAE04EC0-301F-11D3-BF4B-00C04F79EFBC}") = "SortedListGen", "Day 16\SortedListGen\SortedListGen.csproj", "{098A21A3-BF66-4586-90E0-76810BDF1B4A}"
EndProject
Project("{FAE04EC0-301F-11D3-BF4B-00C04F79EFBC}") = "DicGen", "Day 16\DicGen\DicGen.csproj", "{EA1B9CF2-403E-4315-8707-09EA66DDEB46}"
EndProject
Project("{FAE04EC0-301F-11D3-BF4B-00C04F79EFBC}") = "Day16.1", "Assignments\Day16.1\Day16.1.csproj", "{5F99213F-FFDF-4DDA-A17F-3C1C5841CF5A}"
EndProject
Project("{FAE04EC0-301F-11D3-BF4B-00C04F79EFBC}") = "ChatApp", "Day 16\ChatApp\ChatApp.csproj", "{BFB1C2CA-0A2A-4C06-97AE-74E4090DFB41}"
EndProject
Project("{FAE04EC0-301F-11D3-BF4B-00C04F79EFBC}") = "BookTable", "Day 16\BookTable\BookTable.csproj", "{8E6E4CBF-1B84-4F1D-BF04-2B2AF48A15E6}"
EndProject
Project("{FAE04EC0-301F-11D3-BF4B-00C04F79EFBC}") = "PhoneBook", "Day 16\PhoneBook\PhoneBook.csproj", "{16F8C67D-43A3-463C-8B2F-82006F989326}"
EndProject
Project("{2150E333-8FDC-42A3-9474-1A3956D46DE8}") = "Day 17", "Day 17", "{2835E01F-AC3F-4DCA-BC66-A76C723AD7BF}"
EndProject
Project("{FAE04EC0-301F-11D3-BF4B-00C04F79EFBC}") = "Revision", "Day 17\Revision\Revision.csproj", "{BC7B9B0B-E7ED-4282-A638-A796789E0F94}"
EndProject
Project("{FAE04EC0-301F-11D3-BF4B-00C04F79EFBC}") = "RefAndOut", "Day 17\RefAndOut\RefAndOut.csproj", "{109AACFB-E3B7-4A31-AF84-DBC0CDDAE2AA}"
EndProject
Project("{FAE04EC0-301F-11D3-BF4B-00C04F79EFBC}") = "ExceptionHandling", "Day 17\ExceptionHandling\ExceptionHandling.csproj", "{EC535CFE-F79C-4195-9302-91CC9394F61F}"
EndProject
Project("{FAE04EC0-301F-11D3-BF4B-00C04F79EFBC}") = "Except", "Day 17\Except\Except.csproj", "{CF054D3F-3AC5-40CB-9647-5FE3466CEF3C}"
EndProject
Project("{FAE04EC0-301F-11D3-BF4B-00C04F79EFBC}") = "Indexer", "Day 17\Indexer\Indexer.csproj", "{029ED5FA-4048-4831-9341-D38EB4832BE8}"
EndProject
Project("{2150E333-8FDC-42A3-9474-1A3956D46DE8}") = "Day 18", "Day 18", "{D992FEA9-8998-466D-A150-A4C00A602C8A}"
EndProject
Project("{FAE04EC0-301F-11D3-BF4B-00C04F79EFBC}") = "Assessment", "Day 18\Assessment\Assessment.csproj", "{FAD5E23F-CFB0-40DD-9349-FB3EE6C4DEB7}"
EndProject
Project("{FAE04EC0-301F-11D3-BF4B-00C04F79EFBC}") = "AssessmentNoSql", "Day 18\AssessmentNoSql\AssessmentNoSql.csproj", "{5C1AE50E-CF31-4C4B-BC41-0AD99BCEAD2F}"
EndProject
Project("{2150E333-8FDC-42A3-9474-1A3956D46DE8}") = "Day 19", "Day 19", "{99901597-8A76-44D5-B4FB-321B67C41510}"
EndProject
Project("{FAE04EC0-301F-11D3-BF4B-00C04F79EFBC}") = "TwoDArray", "Day 19\TwoDArray\TwoDArray.csproj", "{D4A791B7-C836-4EC1-808D-1577AAED9FC5}"
EndProject
Project("{2150E333-8FDC-42A3-9474-1A3956D46DE8}") = "Day 20", "Day 20", "{5A86A7F2-3807-462D-B2B4-0CAE4DDF30C2}"
EndProject
Project("{FAE04EC0-301F-11D3-BF4B-00C04F79EFBC}") = "Game", "Day 20\Game\Game.csproj", "{ABC81DE1-17EE-47F8-9D0A-A34BA96DB11C}"
EndProject
Project("{FAE04EC0-301F-11D3-BF4B-00C04F79EFBC}") = "Cricket", "Day 20\Cricket\Cricket.csproj", "{D8628F3C-AB08-488D-B5ED-9856D006602C}"
EndProject
Project("{FAE04EC0-301F-11D3-BF4B-00C04F79EFBC}") = "Minesweeper", "Day 20\Minesweeper\Minesweeper.csproj", "{CE73078D-B4E7-4D12-9F15-25A5AC107B8C}"
EndProject
Project("{FAE04EC0-301F-11D3-BF4B-00C04F79EFBC}") = "Threading", "Day 20\Threading\Threading.csproj", "{734205BE-A362-4984-B969-C4FE89C45913}"
EndProject
Project("{FAE04EC0-301F-11D3-BF4B-00C04F79EFBC}") = "BenchMark", "Day 20\BenchMark\BenchMark.csproj", "{E1709003-DACC-484A-B9EF-BB22D40ED489}"
EndProject
Project("{2150E333-8FDC-42A3-9474-1A3956D46DE8}") = "Day 21", "Day 21", "{1A0D416E-CB04-424E-8CEC-A0A6EF0C771E}"
EndProject
Project("{FAE04EC0-301F-11D3-BF4B-00C04F79EFBC}") = "Logging", "Day 21\Logging\Logging.csproj", "{83D94745-2FCC-46A2-ABB7-8A88FAC9D75D}"
EndProject
Project("{FAE04EC0-301F-11D3-BF4B-00C04F79EFBC}") = "HealthManagement", "Day 21\HealthManagement\HealthManagement.csproj", "{C4150344-A5C5-446C-8ABD-E5D96F30E759}"
EndProject
Project("{FAE04EC0-301F-11D3-BF4B-00C04F79EFBC}") = "AlternateLogger", "Day 21\AlternateLogger\AlternateLogger.csproj", "{BBCDC18F-5C11-4B14-BD60-ED951DD38A45}"
EndProject
Project("{FAE04EC0-301F-11D3-BF4B-00C04F79EFBC}") = "SOLIDPrinciple", "Day 21\SOLIDPrinciple\SOLIDPrinciple.csproj", "{84631E87-06B5-4217-A159-B779CF57F1DB}"
EndProject
Project("{FAE04EC0-301F-11D3-BF4B-00C04F79EFBC}") = "ECommerceCartManagement", "Day 21\ECommerceCartManagement\ECommerceCartManagement.csproj", "{F0336719-282B-4736-A510-F97B330EE9B0}"
EndProject
Project("{2150E333-8FDC-42A3-9474-1A3956D46DE8}") = "Day 22", "Day 22", "{C0B52123-08CF-4C2A-A9DD-F72357C8022B}"
EndProject
Project("{FAE04EC0-301F-11D3-BF4B-00C04F79EFBC}") = "SocialMediaNotificationSystem", "Day 22\SocialMediaNotificationSystem\SocialMediaNotificationSystem.csproj", "{7478D329-BBAD-4FA9-8ACC-6D8EC0689079}"
EndProject
Project("{FAE04EC0-301F-11D3-BF4B-00C04F79EFBC}") = "SocketPrg", "Day 22\SocketPrg\SocketPrg.csproj", "{CF5B0FDF-0A99-4D23-AE1A-07331C028AD3}"
EndProject
Project("{FAE04EC0-301F-11D3-BF4B-00C04F79EFBC}") = "SocketPrgClient", "Day 22\SocketPrgClient\SocketPrgClient.csproj", "{C3676BD6-C00D-494F-AE69-AB6408C1B881}"
EndProject
Project("{2150E333-8FDC-42A3-9474-1A3956D46DE8}") = "Echo", "Echo", "{82C49B91-9988-481F-B0B2-8085D219E016}"
EndProject
Project("{FAE04EC0-301F-11D3-BF4B-00C04F79EFBC}") = "EchoServer", "Day 22\Echo\EchoServer\EchoServer.csproj", "{E614585A-ECF2-47F0-BDDE-EA5751BDB781}"
EndProject
Project("{FAE04EC0-301F-11D3-BF4B-00C04F79EFBC}") = "Echoclient", "Day 22\Echo\Echoclient\Echoclient.csproj", "{287AC228-CE26-4EC5-A3D9-A4723E2174C1}"
EndProject
Project("{2150E333-8FDC-42A3-9474-1A3956D46DE8}") = "NewEcho", "NewEcho", "{B7C0317C-8B2F-46E2-A1AE-9A4232F0E9DE}"
EndProject
Project("{FAE04EC0-301F-11D3-BF4B-00C04F79EFBC}") = "EchoServer", "Day 22\NewEcho\EchoServer\EchoServer.csproj", "{4265F54D-3D71-4D4F-A08F-F47DB02E1F21}"
EndProject
Project("{FAE04EC0-301F-11D3-BF4B-00C04F79EFBC}") = "ServerClient", "Day 22\NewEcho\ServerClient\ServerClient.csproj", "{96C8067F-A8CF-43DD-822C-BEA914ADDFC1}"
EndProject
Project("{2150E333-8FDC-42A3-9474-1A3956D46DE8}") = "Day 23", "Day 23", "{E299A0FB-02A5-4567-9471-6C5062A83A1D}"
EndProject
Project("{FAE04EC0-301F-11D3-BF4B-00C04F79EFBC}") = "Revision", "Day 23\Revision\Revision.csproj", "{54AE84F4-646C-448A-911E-C1DE94853054}"
EndProject
Project("{2150E333-8FDC-42A3-9474-1A3956D46DE8}") = "Day 24", "Day 24", "{9B0DB378-B0EE-4517-86E3-919D16744FC8}"
EndProject
Project("{FAE04EC0-301F-11D3-BF4B-00C04F79EFBC}") = "Net", "Day 24\Net\Net.csproj", "{98403368-2AE1-4A23-ABB9-EEF396315422}"
EndProject
Project("{2150E333-8FDC-42A3-9474-1A3956D46DE8}") = "Day 25", "Day 25", "{6CBFAEF0-A0EF-42AB-8A7E-D55EB4C53640}"
EndProject
Project("{FAE04EC0-301F-11D3-BF4B-00C04F79EFBC}") = "FileReadAsync", "Day 25\Assessment3\FileReadAsync.csproj", "{0F13F707-7CA0-4B83-9AA4-0F7D4C8EB405}"
EndProject
Project("{FAE04EC0-301F-11D3-BF4B-00C04F79EFBC}") = "CustomException", "Day 25\CustomException\CustomException.csproj", "{BCB93870-0F6D-4A9C-A7D3-C45FE35A05C0}"
EndProject
Project("{FAE04EC0-301F-11D3-BF4B-00C04F79EFBC}") = "SortArrayNoBuiltIn", "Day 25\SortArrayNoBuiltIn\SortArrayNoBuiltIn.csproj", "{D0C4DBE9-7A21-4065-A261-1D14151512E5}"
EndProject
Project("{FAE04EC0-301F-11D3-BF4B-00C04F79EFBC}") = "StringnoBuiltIn", "Day 25\StringnoBuiltIn\StringnoBuiltIn.csproj", "{616053F7-8105-4825-B0BF-6D06F7870D6F}"
EndProject
Project("{FAE04EC0-301F-11D3-BF4B-00C04F79EFBC}") = "OccurenceOfWord", "Day 25\OccurenceOfWord\OccurenceOfWord.csproj", "{60AC84DA-D081-4BD6-A046-F4E6408E3276}"
EndProject
Project("{FAE04EC0-301F-11D3-BF4B-00C04F79EFBC}") = "ReverseEachWord", "Day 25\ReverseEachWord\ReverseEachWord.csproj", "{2D949F9D-91DB-4886-978F-84B662E6D641}"
EndProject
Project("{FAE04EC0-301F-11D3-BF4B-00C04F79EFBC}") = "EachWordCount", "Day 25\EachWordCount\EachWordCount.csproj", "{B399B72E-3C11-420B-85A1-7F722EBED1A8}"
EndProject
Project("{FAE04EC0-301F-11D3-BF4B-00C04F79EFBC}") = "RemoveDuplicate", "Day 25\RemoveDuplicate\RemoveDuplicate.csproj", "{FD5F7F19-89CD-4586-B711-D0B3CF59EAEE}"
EndProject
Project("{FAE04EC0-301F-11D3-BF4B-00C04F79EFBC}") = "Prime", "Day 25\Prime\Prime.csproj", "{F9876E1F-0B1C-4B07-94CF-C8BCA3B8A289}"
EndProject
Project("{FAE04EC0-301F-11D3-BF4B-00C04F79EFBC}") = "MaxAndLeastOccurence", "Day 25\MaxAndLeastOccurence\MaxAndLeastOccurence.csproj", "{1B1F24E6-8878-48EA-8994-FCA774FE7FCC}"
EndProject
Project("{FAE04EC0-301F-11D3-BF4B-00C04F79EFBC}") = "AnagramOrNot", "Day 25\AnagramOrNot\AnagramOrNot.csproj", "{86436B0D-DB2E-4C8F-B5FA-F9C32B788D5B}"
EndProject
Project("{FAE04EC0-301F-11D3-BF4B-00C04F79EFBC}") = "MissingNo", "Day 25\MissingNo\MissingNo.csproj", "{2678F37A-5A22-484B-BFFD-B902CC902C63}"
EndProject
Project("{FAE04EC0-301F-11D3-BF4B-00C04F79EFBC}") = "DelagateCalc", "Day 25\DelagateCalc\DelagateCalc.csproj", "{E2733788-3942-4DFF-BFA7-2F601A954AB6}"
EndProject
Project("{FAE04EC0-301F-11D3-BF4B-00C04F79EFBC}") = "MulticastDel", "Day 25\MulticastDel\MulticastDel.csproj", "{33E45478-A8D8-47C6-8376-450244AFE7D7}"
EndProject
Project("{FAE04EC0-301F-11D3-BF4B-00C04F79EFBC}") = "CopyConstructor", "Day 25\CopyConstructor\CopyConstructor.csproj", "{AEBEFACE-D21D-4525-AE31-8FFB36B2796F}"
EndProject
Project("{FAE04EC0-301F-11D3-BF4B-00C04F79EFBC}") = "Indexers", "Day 25\Indexers\Indexers.csproj", "{92271CC7-6B47-479F-9F4B-42B44F08C5C5}"
EndProject
Project("{FAE04EC0-301F-11D3-BF4B-00C04F79EFBC}") = "IProject", "Day 25\IProject\IProject.csproj", "{F6139995-33C4-4C20-916C-2002AF1E8745}"
EndProject
Project("{FAE04EC0-301F-11D3-BF4B-00C04F79EFBC}") = "DateTimeDemo", "Day 25\DateTimeDemo\DateTimeDemo.csproj", "{5482BCD2-439D-4E4D-8B1F-51C7D5F989F0}"
EndProject
Project("{2150E333-8FDC-42A3-9474-1A3956D46DE8}") = "D-Day", "D-Day", "{5BD1DE17-428F-491B-A658-AFA21C3DC777}"
EndProject
Project("{FAE04EC0-301F-11D3-BF4B-00C04F79EFBC}") = "D.Day", "D-Day\D.Day\D.Day.csproj", "{05F32216-ADE5-4170-BF09-6BC4270B7231}"
EndProject
Project("{FAE04EC0-301F-11D3-BF4B-00C04F79EFBC}") = "StackImpArray", "D-Day\Interview\StackImpArray.csproj", "{B3AFEEC1-071F-4016-B1DF-B2E07ACFCCE8}"
EndProject
Project("{FAE04EC0-301F-11D3-BF4B-00C04F79EFBC}") = "StackUsingList", "D-Day\StackUsingList\StackUsingList.csproj", "{28876A56-2A09-45C2-9446-C562DC217CC2}"
EndProject
Project("{FAE04EC0-301F-11D3-BF4B-00C04F79EFBC}") = "ReadAndWrite", "D-Day\ReadAndWrite\ReadAndWrite.csproj", "{94AF3534-43C7-41A6-AEC8-2DB8D3904391}"
EndProject
Project("{FAE04EC0-301F-11D3-BF4B-00C04F79EFBC}") = "RWPerson", "D-Day\RWPerson\RWPerson.csproj", "{885908C8-B32F-46E5-9B58-140271EEF5D7}"
EndProject
Project("{FAE04EC0-301F-11D3-BF4B-00C04F79EFBC}") = "byteRead", "D-Day\byteRead\byteRead.csproj", "{E3035EE1-1416-4BB8-8FA0-D727A7658CE1}"
EndProject
Project("{FAE04EC0-301F-11D3-BF4B-00C04F79EFBC}") = "CsvReadAndWrite", "D-Day\CsvReadAndWrite\CsvReadAndWrite.csproj", "{390C1BF2-4A06-4806-86A6-27EB635C1903}"
EndProject
Project("{FAE04EC0-301F-11D3-BF4B-00C04F79EFBC}") = "SubAdd", "D-Day\SubAdd\SubAdd.csproj", "{96FDE64A-D9ED-4988-9DCF-5995C510634C}"
EndProject
Project("{FAE04EC0-301F-11D3-BF4B-00C04F79EFBC}") = "StructPrg", "D-Day\StructPrg\StructPrg.csproj", "{86446AE9-948A-445D-A862-86D885CC061C}"
EndProject
Project("{FAE04EC0-301F-11D3-BF4B-00C04F79EFBC}") = "CallMember", "D-Day\CallMember\CallMember.csproj", "{F329AB61-C29B-434D-A6E0-711B07548B75}"
EndProject
Global
	GlobalSection(SolutionConfigurationPlatforms) = preSolution
		Debug|Any CPU = Debug|Any CPU
		Release|Any CPU = Release|Any CPU
	EndGlobalSection
	GlobalSection(ProjectConfigurationPlatforms) = postSolution
		{B3FEDA45-D1F2-4B0D-BA16-15EA8C980506}.Debug|Any CPU.ActiveCfg = Debug|Any CPU
		{B3FEDA45-D1F2-4B0D-BA16-15EA8C980506}.Debug|Any CPU.Build.0 = Debug|Any CPU
		{B3FEDA45-D1F2-4B0D-BA16-15EA8C980506}.Release|Any CPU.ActiveCfg = Release|Any CPU
		{B3FEDA45-D1F2-4B0D-BA16-15EA8C980506}.Release|Any CPU.Build.0 = Release|Any CPU
		{6CB97F99-F400-4A80-AF74-BBF57939EEEA}.Debug|Any CPU.ActiveCfg = Debug|Any CPU
		{6CB97F99-F400-4A80-AF74-BBF57939EEEA}.Debug|Any CPU.Build.0 = Debug|Any CPU
		{6CB97F99-F400-4A80-AF74-BBF57939EEEA}.Release|Any CPU.ActiveCfg = Release|Any CPU
		{6CB97F99-F400-4A80-AF74-BBF57939EEEA}.Release|Any CPU.Build.0 = Release|Any CPU
		{B7896717-8348-4E28-84F8-22C8BC71D608}.Debug|Any CPU.ActiveCfg = Debug|Any CPU
		{B7896717-8348-4E28-84F8-22C8BC71D608}.Debug|Any CPU.Build.0 = Debug|Any CPU
		{B7896717-8348-4E28-84F8-22C8BC71D608}.Release|Any CPU.ActiveCfg = Release|Any CPU
		{B7896717-8348-4E28-84F8-22C8BC71D608}.Release|Any CPU.Build.0 = Release|Any CPU
		{F2401EE8-F3D2-4C28-96B0-8F00CA32A7B2}.Debug|Any CPU.ActiveCfg = Debug|Any CPU
		{F2401EE8-F3D2-4C28-96B0-8F00CA32A7B2}.Debug|Any CPU.Build.0 = Debug|Any CPU
		{F2401EE8-F3D2-4C28-96B0-8F00CA32A7B2}.Release|Any CPU.ActiveCfg = Release|Any CPU
		{F2401EE8-F3D2-4C28-96B0-8F00CA32A7B2}.Release|Any CPU.Build.0 = Release|Any CPU
		{FBFF8CB9-FF75-4837-9758-BE0517BD8FF6}.Debug|Any CPU.ActiveCfg = Debug|Any CPU
		{FBFF8CB9-FF75-4837-9758-BE0517BD8FF6}.Debug|Any CPU.Build.0 = Debug|Any CPU
		{FBFF8CB9-FF75-4837-9758-BE0517BD8FF6}.Release|Any CPU.ActiveCfg = Release|Any CPU
		{FBFF8CB9-FF75-4837-9758-BE0517BD8FF6}.Release|Any CPU.Build.0 = Release|Any CPU
		{294FCCAF-AF6E-4CEF-BB0C-4FB1ACE7C9EB}.Debug|Any CPU.ActiveCfg = Debug|Any CPU
		{294FCCAF-AF6E-4CEF-BB0C-4FB1ACE7C9EB}.Debug|Any CPU.Build.0 = Debug|Any CPU
		{294FCCAF-AF6E-4CEF-BB0C-4FB1ACE7C9EB}.Release|Any CPU.ActiveCfg = Release|Any CPU
		{294FCCAF-AF6E-4CEF-BB0C-4FB1ACE7C9EB}.Release|Any CPU.Build.0 = Release|Any CPU
		{1858E523-87E6-425E-92F0-361513045245}.Debug|Any CPU.ActiveCfg = Debug|Any CPU
		{1858E523-87E6-425E-92F0-361513045245}.Debug|Any CPU.Build.0 = Debug|Any CPU
		{1858E523-87E6-425E-92F0-361513045245}.Release|Any CPU.ActiveCfg = Release|Any CPU
		{1858E523-87E6-425E-92F0-361513045245}.Release|Any CPU.Build.0 = Release|Any CPU
		{C8FCE77F-CC19-4478-A5E3-81CCFD753B40}.Debug|Any CPU.ActiveCfg = Debug|Any CPU
		{C8FCE77F-CC19-4478-A5E3-81CCFD753B40}.Debug|Any CPU.Build.0 = Debug|Any CPU
		{C8FCE77F-CC19-4478-A5E3-81CCFD753B40}.Release|Any CPU.ActiveCfg = Release|Any CPU
		{C8FCE77F-CC19-4478-A5E3-81CCFD753B40}.Release|Any CPU.Build.0 = Release|Any CPU
		{2E913B16-FA37-4C48-8343-B50D94D5C61D}.Debug|Any CPU.ActiveCfg = Debug|Any CPU
		{2E913B16-FA37-4C48-8343-B50D94D5C61D}.Debug|Any CPU.Build.0 = Debug|Any CPU
		{2E913B16-FA37-4C48-8343-B50D94D5C61D}.Release|Any CPU.ActiveCfg = Release|Any CPU
		{2E913B16-FA37-4C48-8343-B50D94D5C61D}.Release|Any CPU.Build.0 = Release|Any CPU
		{9123308B-263C-4C01-BB51-8FBE15108086}.Debug|Any CPU.ActiveCfg = Debug|Any CPU
		{9123308B-263C-4C01-BB51-8FBE15108086}.Debug|Any CPU.Build.0 = Debug|Any CPU
		{9123308B-263C-4C01-BB51-8FBE15108086}.Release|Any CPU.ActiveCfg = Release|Any CPU
		{9123308B-263C-4C01-BB51-8FBE15108086}.Release|Any CPU.Build.0 = Release|Any CPU
		{1C07D83F-76FC-48DB-916A-EFF7CC8289F3}.Debug|Any CPU.ActiveCfg = Debug|Any CPU
		{1C07D83F-76FC-48DB-916A-EFF7CC8289F3}.Debug|Any CPU.Build.0 = Debug|Any CPU
		{1C07D83F-76FC-48DB-916A-EFF7CC8289F3}.Release|Any CPU.ActiveCfg = Release|Any CPU
		{1C07D83F-76FC-48DB-916A-EFF7CC8289F3}.Release|Any CPU.Build.0 = Release|Any CPU
		{C0A527B7-FF01-49CE-8B07-F6637AC7118F}.Debug|Any CPU.ActiveCfg = Debug|Any CPU
		{C0A527B7-FF01-49CE-8B07-F6637AC7118F}.Debug|Any CPU.Build.0 = Debug|Any CPU
		{C0A527B7-FF01-49CE-8B07-F6637AC7118F}.Release|Any CPU.ActiveCfg = Release|Any CPU
		{C0A527B7-FF01-49CE-8B07-F6637AC7118F}.Release|Any CPU.Build.0 = Release|Any CPU
		{2E4299D1-D808-43D8-A4DD-503F2C3868C9}.Debug|Any CPU.ActiveCfg = Debug|Any CPU
		{2E4299D1-D808-43D8-A4DD-503F2C3868C9}.Debug|Any CPU.Build.0 = Debug|Any CPU
		{2E4299D1-D808-43D8-A4DD-503F2C3868C9}.Release|Any CPU.ActiveCfg = Release|Any CPU
		{2E4299D1-D808-43D8-A4DD-503F2C3868C9}.Release|Any CPU.Build.0 = Release|Any CPU
		{8B21BA4A-586C-4A0F-A71A-5F1AC8C26C45}.Debug|Any CPU.ActiveCfg = Debug|Any CPU
		{8B21BA4A-586C-4A0F-A71A-5F1AC8C26C45}.Debug|Any CPU.Build.0 = Debug|Any CPU
		{8B21BA4A-586C-4A0F-A71A-5F1AC8C26C45}.Release|Any CPU.ActiveCfg = Release|Any CPU
		{8B21BA4A-586C-4A0F-A71A-5F1AC8C26C45}.Release|Any CPU.Build.0 = Release|Any CPU
		{CCEBE9D5-C29B-4302-988A-B2097CE9ACA2}.Debug|Any CPU.ActiveCfg = Debug|Any CPU
		{CCEBE9D5-C29B-4302-988A-B2097CE9ACA2}.Debug|Any CPU.Build.0 = Debug|Any CPU
		{CCEBE9D5-C29B-4302-988A-B2097CE9ACA2}.Release|Any CPU.ActiveCfg = Release|Any CPU
		{CCEBE9D5-C29B-4302-988A-B2097CE9ACA2}.Release|Any CPU.Build.0 = Release|Any CPU
		{802839B0-88D2-4B35-AD00-376777E6E4C1}.Debug|Any CPU.ActiveCfg = Debug|Any CPU
		{802839B0-88D2-4B35-AD00-376777E6E4C1}.Debug|Any CPU.Build.0 = Debug|Any CPU
		{802839B0-88D2-4B35-AD00-376777E6E4C1}.Release|Any CPU.ActiveCfg = Release|Any CPU
		{802839B0-88D2-4B35-AD00-376777E6E4C1}.Release|Any CPU.Build.0 = Release|Any CPU
		{CA6C2E45-A94F-4815-8D91-9E04293FB7D5}.Debug|Any CPU.ActiveCfg = Debug|Any CPU
		{CA6C2E45-A94F-4815-8D91-9E04293FB7D5}.Debug|Any CPU.Build.0 = Debug|Any CPU
		{CA6C2E45-A94F-4815-8D91-9E04293FB7D5}.Release|Any CPU.ActiveCfg = Release|Any CPU
		{CA6C2E45-A94F-4815-8D91-9E04293FB7D5}.Release|Any CPU.Build.0 = Release|Any CPU
		{82FA4311-408A-421B-A854-8C37AE1B2F33}.Debug|Any CPU.ActiveCfg = Debug|Any CPU
		{82FA4311-408A-421B-A854-8C37AE1B2F33}.Debug|Any CPU.Build.0 = Debug|Any CPU
		{82FA4311-408A-421B-A854-8C37AE1B2F33}.Release|Any CPU.ActiveCfg = Release|Any CPU
		{82FA4311-408A-421B-A854-8C37AE1B2F33}.Release|Any CPU.Build.0 = Release|Any CPU
		{BFA00740-3994-4A3D-B19E-2D255FA4AD4E}.Debug|Any CPU.ActiveCfg = Debug|Any CPU
		{BFA00740-3994-4A3D-B19E-2D255FA4AD4E}.Debug|Any CPU.Build.0 = Debug|Any CPU
		{BFA00740-3994-4A3D-B19E-2D255FA4AD4E}.Release|Any CPU.ActiveCfg = Release|Any CPU
		{BFA00740-3994-4A3D-B19E-2D255FA4AD4E}.Release|Any CPU.Build.0 = Release|Any CPU
		{659FCFD9-75C6-4863-976C-8C27E9C840B9}.Debug|Any CPU.ActiveCfg = Debug|Any CPU
		{659FCFD9-75C6-4863-976C-8C27E9C840B9}.Debug|Any CPU.Build.0 = Debug|Any CPU
		{659FCFD9-75C6-4863-976C-8C27E9C840B9}.Release|Any CPU.ActiveCfg = Release|Any CPU
		{659FCFD9-75C6-4863-976C-8C27E9C840B9}.Release|Any CPU.Build.0 = Release|Any CPU
		{E3CBC76A-1B52-42B9-8002-99FC6E042266}.Debug|Any CPU.ActiveCfg = Debug|Any CPU
		{E3CBC76A-1B52-42B9-8002-99FC6E042266}.Debug|Any CPU.Build.0 = Debug|Any CPU
		{E3CBC76A-1B52-42B9-8002-99FC6E042266}.Release|Any CPU.ActiveCfg = Release|Any CPU
		{E3CBC76A-1B52-42B9-8002-99FC6E042266}.Release|Any CPU.Build.0 = Release|Any CPU
		{A0CABF98-5810-4B56-8AB7-EE7BBD2C8D05}.Debug|Any CPU.ActiveCfg = Debug|Any CPU
		{A0CABF98-5810-4B56-8AB7-EE7BBD2C8D05}.Debug|Any CPU.Build.0 = Debug|Any CPU
		{A0CABF98-5810-4B56-8AB7-EE7BBD2C8D05}.Release|Any CPU.ActiveCfg = Release|Any CPU
		{A0CABF98-5810-4B56-8AB7-EE7BBD2C8D05}.Release|Any CPU.Build.0 = Release|Any CPU
		{F909675F-632E-43BF-B07D-1CFCE2DAB44F}.Debug|Any CPU.ActiveCfg = Debug|Any CPU
		{F909675F-632E-43BF-B07D-1CFCE2DAB44F}.Debug|Any CPU.Build.0 = Debug|Any CPU
		{F909675F-632E-43BF-B07D-1CFCE2DAB44F}.Release|Any CPU.ActiveCfg = Release|Any CPU
		{F909675F-632E-43BF-B07D-1CFCE2DAB44F}.Release|Any CPU.Build.0 = Release|Any CPU
		{DDC65400-DCA8-42B5-8089-9C0B3BA11F12}.Debug|Any CPU.ActiveCfg = Debug|Any CPU
		{DDC65400-DCA8-42B5-8089-9C0B3BA11F12}.Debug|Any CPU.Build.0 = Debug|Any CPU
		{DDC65400-DCA8-42B5-8089-9C0B3BA11F12}.Release|Any CPU.ActiveCfg = Release|Any CPU
		{DDC65400-DCA8-42B5-8089-9C0B3BA11F12}.Release|Any CPU.Build.0 = Release|Any CPU
		{CF6C1119-56B9-4A9A-BC0F-B0BDC670F075}.Debug|Any CPU.ActiveCfg = Debug|Any CPU
		{CF6C1119-56B9-4A9A-BC0F-B0BDC670F075}.Debug|Any CPU.Build.0 = Debug|Any CPU
		{CF6C1119-56B9-4A9A-BC0F-B0BDC670F075}.Release|Any CPU.ActiveCfg = Release|Any CPU
		{CF6C1119-56B9-4A9A-BC0F-B0BDC670F075}.Release|Any CPU.Build.0 = Release|Any CPU
		{FEDE652D-924A-4B66-860E-79B6FBB13A01}.Debug|Any CPU.ActiveCfg = Debug|Any CPU
		{FEDE652D-924A-4B66-860E-79B6FBB13A01}.Debug|Any CPU.Build.0 = Debug|Any CPU
		{FEDE652D-924A-4B66-860E-79B6FBB13A01}.Release|Any CPU.ActiveCfg = Release|Any CPU
		{FEDE652D-924A-4B66-860E-79B6FBB13A01}.Release|Any CPU.Build.0 = Release|Any CPU
		{A957D841-ADB5-4A00-AF74-CA59659F4E97}.Debug|Any CPU.ActiveCfg = Debug|Any CPU
		{A957D841-ADB5-4A00-AF74-CA59659F4E97}.Debug|Any CPU.Build.0 = Debug|Any CPU
		{A957D841-ADB5-4A00-AF74-CA59659F4E97}.Release|Any CPU.ActiveCfg = Release|Any CPU
		{A957D841-ADB5-4A00-AF74-CA59659F4E97}.Release|Any CPU.Build.0 = Release|Any CPU
		{8AE05F9A-C274-4415-9121-C3642CF6AD0A}.Debug|Any CPU.ActiveCfg = Debug|Any CPU
		{8AE05F9A-C274-4415-9121-C3642CF6AD0A}.Debug|Any CPU.Build.0 = Debug|Any CPU
		{8AE05F9A-C274-4415-9121-C3642CF6AD0A}.Release|Any CPU.ActiveCfg = Release|Any CPU
		{8AE05F9A-C274-4415-9121-C3642CF6AD0A}.Release|Any CPU.Build.0 = Release|Any CPU
		{1B5BDE52-E0B0-4C92-AF0A-F9536140221C}.Debug|Any CPU.ActiveCfg = Debug|Any CPU
		{1B5BDE52-E0B0-4C92-AF0A-F9536140221C}.Debug|Any CPU.Build.0 = Debug|Any CPU
		{1B5BDE52-E0B0-4C92-AF0A-F9536140221C}.Release|Any CPU.ActiveCfg = Release|Any CPU
		{1B5BDE52-E0B0-4C92-AF0A-F9536140221C}.Release|Any CPU.Build.0 = Release|Any CPU
		{E4AED0A5-1199-4240-8CE4-9FFEFD7F9EE4}.Debug|Any CPU.ActiveCfg = Debug|Any CPU
		{E4AED0A5-1199-4240-8CE4-9FFEFD7F9EE4}.Debug|Any CPU.Build.0 = Debug|Any CPU
		{E4AED0A5-1199-4240-8CE4-9FFEFD7F9EE4}.Release|Any CPU.ActiveCfg = Release|Any CPU
		{E4AED0A5-1199-4240-8CE4-9FFEFD7F9EE4}.Release|Any CPU.Build.0 = Release|Any CPU
		{E7EEBB3D-1819-4044-9720-34DFD2D05B0A}.Debug|Any CPU.ActiveCfg = Debug|Any CPU
		{E7EEBB3D-1819-4044-9720-34DFD2D05B0A}.Debug|Any CPU.Build.0 = Debug|Any CPU
		{E7EEBB3D-1819-4044-9720-34DFD2D05B0A}.Release|Any CPU.ActiveCfg = Release|Any CPU
		{E7EEBB3D-1819-4044-9720-34DFD2D05B0A}.Release|Any CPU.Build.0 = Release|Any CPU
		{A512C416-B2E8-4E52-8954-58842BAF3EC7}.Debug|Any CPU.ActiveCfg = Debug|Any CPU
		{A512C416-B2E8-4E52-8954-58842BAF3EC7}.Debug|Any CPU.Build.0 = Debug|Any CPU
		{A512C416-B2E8-4E52-8954-58842BAF3EC7}.Release|Any CPU.ActiveCfg = Release|Any CPU
		{A512C416-B2E8-4E52-8954-58842BAF3EC7}.Release|Any CPU.Build.0 = Release|Any CPU
		{61809918-9666-4A66-A2BF-361018605809}.Debug|Any CPU.ActiveCfg = Debug|Any CPU
		{61809918-9666-4A66-A2BF-361018605809}.Debug|Any CPU.Build.0 = Debug|Any CPU
		{61809918-9666-4A66-A2BF-361018605809}.Release|Any CPU.ActiveCfg = Release|Any CPU
		{61809918-9666-4A66-A2BF-361018605809}.Release|Any CPU.Build.0 = Release|Any CPU
		{5F67D73B-A029-4195-B47A-F21A6A2DDE32}.Debug|Any CPU.ActiveCfg = Debug|Any CPU
		{5F67D73B-A029-4195-B47A-F21A6A2DDE32}.Debug|Any CPU.Build.0 = Debug|Any CPU
		{5F67D73B-A029-4195-B47A-F21A6A2DDE32}.Release|Any CPU.ActiveCfg = Release|Any CPU
		{5F67D73B-A029-4195-B47A-F21A6A2DDE32}.Release|Any CPU.Build.0 = Release|Any CPU
		{C33E0EC6-F1F5-4E86-86E2-2BDAD9127DC0}.Debug|Any CPU.ActiveCfg = Debug|Any CPU
		{C33E0EC6-F1F5-4E86-86E2-2BDAD9127DC0}.Debug|Any CPU.Build.0 = Debug|Any CPU
		{C33E0EC6-F1F5-4E86-86E2-2BDAD9127DC0}.Release|Any CPU.ActiveCfg = Release|Any CPU
		{C33E0EC6-F1F5-4E86-86E2-2BDAD9127DC0}.Release|Any CPU.Build.0 = Release|Any CPU
		{84CD4A1D-E8E2-41DD-BE44-9B4F18B1723B}.Debug|Any CPU.ActiveCfg = Debug|Any CPU
		{84CD4A1D-E8E2-41DD-BE44-9B4F18B1723B}.Debug|Any CPU.Build.0 = Debug|Any CPU
		{84CD4A1D-E8E2-41DD-BE44-9B4F18B1723B}.Release|Any CPU.ActiveCfg = Release|Any CPU
		{84CD4A1D-E8E2-41DD-BE44-9B4F18B1723B}.Release|Any CPU.Build.0 = Release|Any CPU
		{C3689215-4DCA-40E1-92A8-2CC39F6046DB}.Debug|Any CPU.ActiveCfg = Debug|Any CPU
		{C3689215-4DCA-40E1-92A8-2CC39F6046DB}.Debug|Any CPU.Build.0 = Debug|Any CPU
		{C3689215-4DCA-40E1-92A8-2CC39F6046DB}.Release|Any CPU.ActiveCfg = Release|Any CPU
		{C3689215-4DCA-40E1-92A8-2CC39F6046DB}.Release|Any CPU.Build.0 = Release|Any CPU
		{E028D813-5F6F-4D8C-88EC-3BE777A5E7C7}.Debug|Any CPU.ActiveCfg = Debug|Any CPU
		{E028D813-5F6F-4D8C-88EC-3BE777A5E7C7}.Debug|Any CPU.Build.0 = Debug|Any CPU
		{E028D813-5F6F-4D8C-88EC-3BE777A5E7C7}.Release|Any CPU.ActiveCfg = Release|Any CPU
		{E028D813-5F6F-4D8C-88EC-3BE777A5E7C7}.Release|Any CPU.Build.0 = Release|Any CPU
		{3EDFABAF-52D3-4254-8DDC-49A3FDF19F08}.Debug|Any CPU.ActiveCfg = Debug|Any CPU
		{3EDFABAF-52D3-4254-8DDC-49A3FDF19F08}.Debug|Any CPU.Build.0 = Debug|Any CPU
		{3EDFABAF-52D3-4254-8DDC-49A3FDF19F08}.Release|Any CPU.ActiveCfg = Release|Any CPU
		{3EDFABAF-52D3-4254-8DDC-49A3FDF19F08}.Release|Any CPU.Build.0 = Release|Any CPU
		{328AA089-24E2-4AE4-A538-6DD027F9633D}.Debug|Any CPU.ActiveCfg = Debug|Any CPU
		{328AA089-24E2-4AE4-A538-6DD027F9633D}.Debug|Any CPU.Build.0 = Debug|Any CPU
		{328AA089-24E2-4AE4-A538-6DD027F9633D}.Release|Any CPU.ActiveCfg = Release|Any CPU
		{328AA089-24E2-4AE4-A538-6DD027F9633D}.Release|Any CPU.Build.0 = Release|Any CPU
		{EA9A2127-3B6F-4E89-8108-07580540F632}.Debug|Any CPU.ActiveCfg = Debug|Any CPU
		{EA9A2127-3B6F-4E89-8108-07580540F632}.Debug|Any CPU.Build.0 = Debug|Any CPU
		{EA9A2127-3B6F-4E89-8108-07580540F632}.Release|Any CPU.ActiveCfg = Release|Any CPU
		{EA9A2127-3B6F-4E89-8108-07580540F632}.Release|Any CPU.Build.0 = Release|Any CPU
		{E3BC876D-3497-4756-A71B-47A6B2B66F39}.Debug|Any CPU.ActiveCfg = Debug|Any CPU
		{E3BC876D-3497-4756-A71B-47A6B2B66F39}.Debug|Any CPU.Build.0 = Debug|Any CPU
		{E3BC876D-3497-4756-A71B-47A6B2B66F39}.Release|Any CPU.ActiveCfg = Release|Any CPU
		{E3BC876D-3497-4756-A71B-47A6B2B66F39}.Release|Any CPU.Build.0 = Release|Any CPU
		{AA29AC94-5275-4754-B728-EC563488FBA9}.Debug|Any CPU.ActiveCfg = Debug|Any CPU
		{AA29AC94-5275-4754-B728-EC563488FBA9}.Debug|Any CPU.Build.0 = Debug|Any CPU
		{AA29AC94-5275-4754-B728-EC563488FBA9}.Release|Any CPU.ActiveCfg = Release|Any CPU
		{AA29AC94-5275-4754-B728-EC563488FBA9}.Release|Any CPU.Build.0 = Release|Any CPU
		{B6999387-F263-4471-9E5C-E552F88115AD}.Debug|Any CPU.ActiveCfg = Debug|Any CPU
		{B6999387-F263-4471-9E5C-E552F88115AD}.Debug|Any CPU.Build.0 = Debug|Any CPU
		{B6999387-F263-4471-9E5C-E552F88115AD}.Release|Any CPU.ActiveCfg = Release|Any CPU
		{B6999387-F263-4471-9E5C-E552F88115AD}.Release|Any CPU.Build.0 = Release|Any CPU
		{75690519-9229-471F-8319-9369F3659644}.Debug|Any CPU.ActiveCfg = Debug|Any CPU
		{75690519-9229-471F-8319-9369F3659644}.Debug|Any CPU.Build.0 = Debug|Any CPU
		{75690519-9229-471F-8319-9369F3659644}.Release|Any CPU.ActiveCfg = Release|Any CPU
		{75690519-9229-471F-8319-9369F3659644}.Release|Any CPU.Build.0 = Release|Any CPU
		{85FAE994-7747-4189-94FC-8227C947EA38}.Debug|Any CPU.ActiveCfg = Debug|Any CPU
		{85FAE994-7747-4189-94FC-8227C947EA38}.Debug|Any CPU.Build.0 = Debug|Any CPU
		{85FAE994-7747-4189-94FC-8227C947EA38}.Release|Any CPU.ActiveCfg = Release|Any CPU
		{85FAE994-7747-4189-94FC-8227C947EA38}.Release|Any CPU.Build.0 = Release|Any CPU
		{C33D42BD-9905-404E-951E-FECB6A04B472}.Debug|Any CPU.ActiveCfg = Debug|Any CPU
		{C33D42BD-9905-404E-951E-FECB6A04B472}.Debug|Any CPU.Build.0 = Debug|Any CPU
		{C33D42BD-9905-404E-951E-FECB6A04B472}.Release|Any CPU.ActiveCfg = Release|Any CPU
		{C33D42BD-9905-404E-951E-FECB6A04B472}.Release|Any CPU.Build.0 = Release|Any CPU
		{A1C7F145-8BEB-453F-8CC3-D611AF6AA2F6}.Debug|Any CPU.ActiveCfg = Debug|Any CPU
		{A1C7F145-8BEB-453F-8CC3-D611AF6AA2F6}.Debug|Any CPU.Build.0 = Debug|Any CPU
		{A1C7F145-8BEB-453F-8CC3-D611AF6AA2F6}.Release|Any CPU.ActiveCfg = Release|Any CPU
		{A1C7F145-8BEB-453F-8CC3-D611AF6AA2F6}.Release|Any CPU.Build.0 = Release|Any CPU
		{7CE3CE9B-DBB2-4AA3-93EF-8FF9E21D9CBF}.Debug|Any CPU.ActiveCfg = Debug|Any CPU
		{7CE3CE9B-DBB2-4AA3-93EF-8FF9E21D9CBF}.Debug|Any CPU.Build.0 = Debug|Any CPU
		{7CE3CE9B-DBB2-4AA3-93EF-8FF9E21D9CBF}.Release|Any CPU.ActiveCfg = Release|Any CPU
		{7CE3CE9B-DBB2-4AA3-93EF-8FF9E21D9CBF}.Release|Any CPU.Build.0 = Release|Any CPU
		{07500464-053C-4268-AA3D-B38CA6526251}.Debug|Any CPU.ActiveCfg = Debug|Any CPU
		{07500464-053C-4268-AA3D-B38CA6526251}.Debug|Any CPU.Build.0 = Debug|Any CPU
		{07500464-053C-4268-AA3D-B38CA6526251}.Release|Any CPU.ActiveCfg = Release|Any CPU
		{07500464-053C-4268-AA3D-B38CA6526251}.Release|Any CPU.Build.0 = Release|Any CPU
		{DD4C8077-89F4-448A-9C42-B0E19C28325F}.Debug|Any CPU.ActiveCfg = Debug|Any CPU
		{DD4C8077-89F4-448A-9C42-B0E19C28325F}.Debug|Any CPU.Build.0 = Debug|Any CPU
		{DD4C8077-89F4-448A-9C42-B0E19C28325F}.Release|Any CPU.ActiveCfg = Release|Any CPU
		{DD4C8077-89F4-448A-9C42-B0E19C28325F}.Release|Any CPU.Build.0 = Release|Any CPU
		{61E6D852-0B24-4D84-878B-24440F4F6E14}.Debug|Any CPU.ActiveCfg = Debug|Any CPU
		{61E6D852-0B24-4D84-878B-24440F4F6E14}.Debug|Any CPU.Build.0 = Debug|Any CPU
		{61E6D852-0B24-4D84-878B-24440F4F6E14}.Release|Any CPU.ActiveCfg = Release|Any CPU
		{61E6D852-0B24-4D84-878B-24440F4F6E14}.Release|Any CPU.Build.0 = Release|Any CPU
		{926E0D03-A348-48E1-9DD9-EC1C883316E6}.Debug|Any CPU.ActiveCfg = Debug|Any CPU
		{926E0D03-A348-48E1-9DD9-EC1C883316E6}.Debug|Any CPU.Build.0 = Debug|Any CPU
		{926E0D03-A348-48E1-9DD9-EC1C883316E6}.Release|Any CPU.ActiveCfg = Release|Any CPU
		{926E0D03-A348-48E1-9DD9-EC1C883316E6}.Release|Any CPU.Build.0 = Release|Any CPU
		{F82EA035-083C-4769-AFB0-DD48AB8181E9}.Debug|Any CPU.ActiveCfg = Debug|Any CPU
		{F82EA035-083C-4769-AFB0-DD48AB8181E9}.Debug|Any CPU.Build.0 = Debug|Any CPU
		{F82EA035-083C-4769-AFB0-DD48AB8181E9}.Release|Any CPU.ActiveCfg = Release|Any CPU
		{F82EA035-083C-4769-AFB0-DD48AB8181E9}.Release|Any CPU.Build.0 = Release|Any CPU
		{24159516-F5BF-4F03-82C5-F1BBAF768484}.Debug|Any CPU.ActiveCfg = Debug|Any CPU
		{24159516-F5BF-4F03-82C5-F1BBAF768484}.Debug|Any CPU.Build.0 = Debug|Any CPU
		{24159516-F5BF-4F03-82C5-F1BBAF768484}.Release|Any CPU.ActiveCfg = Release|Any CPU
		{24159516-F5BF-4F03-82C5-F1BBAF768484}.Release|Any CPU.Build.0 = Release|Any CPU
		{E1616BF4-605F-4529-B19F-23AEFC2A055A}.Debug|Any CPU.ActiveCfg = Debug|Any CPU
		{E1616BF4-605F-4529-B19F-23AEFC2A055A}.Debug|Any CPU.Build.0 = Debug|Any CPU
		{E1616BF4-605F-4529-B19F-23AEFC2A055A}.Release|Any CPU.ActiveCfg = Release|Any CPU
		{E1616BF4-605F-4529-B19F-23AEFC2A055A}.Release|Any CPU.Build.0 = Release|Any CPU
		{2E9FE74E-7C65-4638-8BBF-90648E2004A9}.Debug|Any CPU.ActiveCfg = Debug|Any CPU
		{2E9FE74E-7C65-4638-8BBF-90648E2004A9}.Debug|Any CPU.Build.0 = Debug|Any CPU
		{2E9FE74E-7C65-4638-8BBF-90648E2004A9}.Release|Any CPU.ActiveCfg = Release|Any CPU
		{2E9FE74E-7C65-4638-8BBF-90648E2004A9}.Release|Any CPU.Build.0 = Release|Any CPU
		{A33192E1-CEC2-4E94-B54F-2C2A8CC81343}.Debug|Any CPU.ActiveCfg = Debug|Any CPU
		{A33192E1-CEC2-4E94-B54F-2C2A8CC81343}.Debug|Any CPU.Build.0 = Debug|Any CPU
		{A33192E1-CEC2-4E94-B54F-2C2A8CC81343}.Release|Any CPU.ActiveCfg = Release|Any CPU
		{A33192E1-CEC2-4E94-B54F-2C2A8CC81343}.Release|Any CPU.Build.0 = Release|Any CPU
		{0BD44ABC-8223-43A9-BBF3-DFDB33EE51F6}.Debug|Any CPU.ActiveCfg = Debug|Any CPU
		{0BD44ABC-8223-43A9-BBF3-DFDB33EE51F6}.Debug|Any CPU.Build.0 = Debug|Any CPU
		{0BD44ABC-8223-43A9-BBF3-DFDB33EE51F6}.Release|Any CPU.ActiveCfg = Release|Any CPU
		{0BD44ABC-8223-43A9-BBF3-DFDB33EE51F6}.Release|Any CPU.Build.0 = Release|Any CPU
		{81955884-0C12-4252-AF5A-324DB22E7686}.Debug|Any CPU.ActiveCfg = Debug|Any CPU
		{81955884-0C12-4252-AF5A-324DB22E7686}.Debug|Any CPU.Build.0 = Debug|Any CPU
		{81955884-0C12-4252-AF5A-324DB22E7686}.Release|Any CPU.ActiveCfg = Release|Any CPU
		{81955884-0C12-4252-AF5A-324DB22E7686}.Release|Any CPU.Build.0 = Release|Any CPU
		{880C1955-4CF8-4CDC-936A-1EC99527B85F}.Debug|Any CPU.ActiveCfg = Debug|Any CPU
		{880C1955-4CF8-4CDC-936A-1EC99527B85F}.Debug|Any CPU.Build.0 = Debug|Any CPU
		{880C1955-4CF8-4CDC-936A-1EC99527B85F}.Release|Any CPU.ActiveCfg = Release|Any CPU
		{880C1955-4CF8-4CDC-936A-1EC99527B85F}.Release|Any CPU.Build.0 = Release|Any CPU
		{18AC2A8A-4315-46F3-B746-4307C702BCBE}.Debug|Any CPU.ActiveCfg = Debug|Any CPU
		{18AC2A8A-4315-46F3-B746-4307C702BCBE}.Debug|Any CPU.Build.0 = Debug|Any CPU
		{18AC2A8A-4315-46F3-B746-4307C702BCBE}.Release|Any CPU.ActiveCfg = Release|Any CPU
		{18AC2A8A-4315-46F3-B746-4307C702BCBE}.Release|Any CPU.Build.0 = Release|Any CPU
		{32B42797-2858-412D-9C1B-7633DD90AF5C}.Debug|Any CPU.ActiveCfg = Debug|Any CPU
		{32B42797-2858-412D-9C1B-7633DD90AF5C}.Debug|Any CPU.Build.0 = Debug|Any CPU
		{32B42797-2858-412D-9C1B-7633DD90AF5C}.Release|Any CPU.ActiveCfg = Release|Any CPU
		{32B42797-2858-412D-9C1B-7633DD90AF5C}.Release|Any CPU.Build.0 = Release|Any CPU
		{48C7B050-CE85-40A4-8C0E-29EC300751BC}.Debug|Any CPU.ActiveCfg = Debug|Any CPU
		{48C7B050-CE85-40A4-8C0E-29EC300751BC}.Debug|Any CPU.Build.0 = Debug|Any CPU
		{48C7B050-CE85-40A4-8C0E-29EC300751BC}.Release|Any CPU.ActiveCfg = Release|Any CPU
		{48C7B050-CE85-40A4-8C0E-29EC300751BC}.Release|Any CPU.Build.0 = Release|Any CPU
		{163ADEFE-4AF5-4EA9-A675-25D7B20ACD31}.Debug|Any CPU.ActiveCfg = Debug|Any CPU
		{163ADEFE-4AF5-4EA9-A675-25D7B20ACD31}.Debug|Any CPU.Build.0 = Debug|Any CPU
		{163ADEFE-4AF5-4EA9-A675-25D7B20ACD31}.Release|Any CPU.ActiveCfg = Release|Any CPU
		{163ADEFE-4AF5-4EA9-A675-25D7B20ACD31}.Release|Any CPU.Build.0 = Release|Any CPU
		{25353915-921F-45D7-B734-388AFE73025B}.Debug|Any CPU.ActiveCfg = Debug|Any CPU
		{25353915-921F-45D7-B734-388AFE73025B}.Debug|Any CPU.Build.0 = Debug|Any CPU
		{25353915-921F-45D7-B734-388AFE73025B}.Release|Any CPU.ActiveCfg = Release|Any CPU
		{25353915-921F-45D7-B734-388AFE73025B}.Release|Any CPU.Build.0 = Release|Any CPU
		{438FA439-EC9C-4EC3-AC35-80AFFB27B657}.Debug|Any CPU.ActiveCfg = Debug|Any CPU
		{438FA439-EC9C-4EC3-AC35-80AFFB27B657}.Debug|Any CPU.Build.0 = Debug|Any CPU
		{438FA439-EC9C-4EC3-AC35-80AFFB27B657}.Release|Any CPU.ActiveCfg = Release|Any CPU
		{438FA439-EC9C-4EC3-AC35-80AFFB27B657}.Release|Any CPU.Build.0 = Release|Any CPU
		{F0AB3AC1-7E68-4D48-904E-CDCD84E4AD7C}.Debug|Any CPU.ActiveCfg = Debug|Any CPU
		{F0AB3AC1-7E68-4D48-904E-CDCD84E4AD7C}.Debug|Any CPU.Build.0 = Debug|Any CPU
		{F0AB3AC1-7E68-4D48-904E-CDCD84E4AD7C}.Release|Any CPU.ActiveCfg = Release|Any CPU
		{F0AB3AC1-7E68-4D48-904E-CDCD84E4AD7C}.Release|Any CPU.Build.0 = Release|Any CPU
		{D6724B84-9AD1-4E09-90CF-7E3E3475E658}.Debug|Any CPU.ActiveCfg = Debug|Any CPU
		{D6724B84-9AD1-4E09-90CF-7E3E3475E658}.Debug|Any CPU.Build.0 = Debug|Any CPU
		{D6724B84-9AD1-4E09-90CF-7E3E3475E658}.Release|Any CPU.ActiveCfg = Release|Any CPU
		{D6724B84-9AD1-4E09-90CF-7E3E3475E658}.Release|Any CPU.Build.0 = Release|Any CPU
		{FF7EA23A-8481-455F-87D4-96757F605FF1}.Debug|Any CPU.ActiveCfg = Debug|Any CPU
		{FF7EA23A-8481-455F-87D4-96757F605FF1}.Debug|Any CPU.Build.0 = Debug|Any CPU
		{FF7EA23A-8481-455F-87D4-96757F605FF1}.Release|Any CPU.ActiveCfg = Release|Any CPU
		{FF7EA23A-8481-455F-87D4-96757F605FF1}.Release|Any CPU.Build.0 = Release|Any CPU
		{2D552257-9C05-4C13-AAAF-32C1E12629C9}.Debug|Any CPU.ActiveCfg = Debug|Any CPU
		{2D552257-9C05-4C13-AAAF-32C1E12629C9}.Debug|Any CPU.Build.0 = Debug|Any CPU
		{2D552257-9C05-4C13-AAAF-32C1E12629C9}.Release|Any CPU.ActiveCfg = Release|Any CPU
		{2D552257-9C05-4C13-AAAF-32C1E12629C9}.Release|Any CPU.Build.0 = Release|Any CPU
		{13E4282B-2C79-41E4-B438-B50D13A34E48}.Debug|Any CPU.ActiveCfg = Debug|Any CPU
		{13E4282B-2C79-41E4-B438-B50D13A34E48}.Debug|Any CPU.Build.0 = Debug|Any CPU
		{13E4282B-2C79-41E4-B438-B50D13A34E48}.Release|Any CPU.ActiveCfg = Release|Any CPU
		{13E4282B-2C79-41E4-B438-B50D13A34E48}.Release|Any CPU.Build.0 = Release|Any CPU
		{E5A5EC47-4B03-4A7B-9ED6-D0910232F5C5}.Debug|Any CPU.ActiveCfg = Debug|Any CPU
		{E5A5EC47-4B03-4A7B-9ED6-D0910232F5C5}.Debug|Any CPU.Build.0 = Debug|Any CPU
		{E5A5EC47-4B03-4A7B-9ED6-D0910232F5C5}.Release|Any CPU.ActiveCfg = Release|Any CPU
		{E5A5EC47-4B03-4A7B-9ED6-D0910232F5C5}.Release|Any CPU.Build.0 = Release|Any CPU
		{16BA3030-F5EF-4F1E-886B-B6A55A049E02}.Debug|Any CPU.ActiveCfg = Debug|Any CPU
		{16BA3030-F5EF-4F1E-886B-B6A55A049E02}.Debug|Any CPU.Build.0 = Debug|Any CPU
		{16BA3030-F5EF-4F1E-886B-B6A55A049E02}.Release|Any CPU.ActiveCfg = Release|Any CPU
		{16BA3030-F5EF-4F1E-886B-B6A55A049E02}.Release|Any CPU.Build.0 = Release|Any CPU
		{86510686-2838-4860-8556-26F5EDDA8ED0}.Debug|Any CPU.ActiveCfg = Debug|Any CPU
		{86510686-2838-4860-8556-26F5EDDA8ED0}.Debug|Any CPU.Build.0 = Debug|Any CPU
		{86510686-2838-4860-8556-26F5EDDA8ED0}.Release|Any CPU.ActiveCfg = Release|Any CPU
		{86510686-2838-4860-8556-26F5EDDA8ED0}.Release|Any CPU.Build.0 = Release|Any CPU
		{9B022F7B-E4D2-4FDA-AD8C-D63911CE915A}.Debug|Any CPU.ActiveCfg = Debug|Any CPU
		{9B022F7B-E4D2-4FDA-AD8C-D63911CE915A}.Debug|Any CPU.Build.0 = Debug|Any CPU
		{9B022F7B-E4D2-4FDA-AD8C-D63911CE915A}.Release|Any CPU.ActiveCfg = Release|Any CPU
		{9B022F7B-E4D2-4FDA-AD8C-D63911CE915A}.Release|Any CPU.Build.0 = Release|Any CPU
		{A5E65D76-3DEC-47AC-9A32-4B193E2791E0}.Debug|Any CPU.ActiveCfg = Debug|Any CPU
		{A5E65D76-3DEC-47AC-9A32-4B193E2791E0}.Debug|Any CPU.Build.0 = Debug|Any CPU
		{A5E65D76-3DEC-47AC-9A32-4B193E2791E0}.Release|Any CPU.ActiveCfg = Release|Any CPU
		{A5E65D76-3DEC-47AC-9A32-4B193E2791E0}.Release|Any CPU.Build.0 = Release|Any CPU
		{8D638F9A-F732-49B4-8D22-1635C486005E}.Debug|Any CPU.ActiveCfg = Debug|Any CPU
		{8D638F9A-F732-49B4-8D22-1635C486005E}.Debug|Any CPU.Build.0 = Debug|Any CPU
		{8D638F9A-F732-49B4-8D22-1635C486005E}.Release|Any CPU.ActiveCfg = Release|Any CPU
		{8D638F9A-F732-49B4-8D22-1635C486005E}.Release|Any CPU.Build.0 = Release|Any CPU
		{325944AB-FE7F-44B5-B251-450BE1863220}.Debug|Any CPU.ActiveCfg = Debug|Any CPU
		{325944AB-FE7F-44B5-B251-450BE1863220}.Debug|Any CPU.Build.0 = Debug|Any CPU
		{325944AB-FE7F-44B5-B251-450BE1863220}.Release|Any CPU.ActiveCfg = Release|Any CPU
		{325944AB-FE7F-44B5-B251-450BE1863220}.Release|Any CPU.Build.0 = Release|Any CPU
		{3C30D29A-608C-4477-A2C5-F3EEED054FC4}.Debug|Any CPU.ActiveCfg = Debug|Any CPU
		{3C30D29A-608C-4477-A2C5-F3EEED054FC4}.Debug|Any CPU.Build.0 = Debug|Any CPU
		{3C30D29A-608C-4477-A2C5-F3EEED054FC4}.Release|Any CPU.ActiveCfg = Release|Any CPU
		{3C30D29A-608C-4477-A2C5-F3EEED054FC4}.Release|Any CPU.Build.0 = Release|Any CPU
		{CC391A20-6492-40F3-9FF3-A92E97D7A68B}.Debug|Any CPU.ActiveCfg = Debug|Any CPU
		{CC391A20-6492-40F3-9FF3-A92E97D7A68B}.Debug|Any CPU.Build.0 = Debug|Any CPU
		{CC391A20-6492-40F3-9FF3-A92E97D7A68B}.Release|Any CPU.ActiveCfg = Release|Any CPU
		{CC391A20-6492-40F3-9FF3-A92E97D7A68B}.Release|Any CPU.Build.0 = Release|Any CPU
		{037E0C1F-1A9E-4483-A5C7-8E0D50E53263}.Debug|Any CPU.ActiveCfg = Debug|Any CPU
		{037E0C1F-1A9E-4483-A5C7-8E0D50E53263}.Debug|Any CPU.Build.0 = Debug|Any CPU
		{037E0C1F-1A9E-4483-A5C7-8E0D50E53263}.Release|Any CPU.ActiveCfg = Release|Any CPU
		{037E0C1F-1A9E-4483-A5C7-8E0D50E53263}.Release|Any CPU.Build.0 = Release|Any CPU
		{58472011-6618-40C1-8B11-6DB6F8BFA6BD}.Debug|Any CPU.ActiveCfg = Debug|Any CPU
		{58472011-6618-40C1-8B11-6DB6F8BFA6BD}.Debug|Any CPU.Build.0 = Debug|Any CPU
		{58472011-6618-40C1-8B11-6DB6F8BFA6BD}.Release|Any CPU.ActiveCfg = Release|Any CPU
		{58472011-6618-40C1-8B11-6DB6F8BFA6BD}.Release|Any CPU.Build.0 = Release|Any CPU
		{8A3317CF-478B-4355-8D9E-9E3BB9E2B106}.Debug|Any CPU.ActiveCfg = Debug|Any CPU
		{8A3317CF-478B-4355-8D9E-9E3BB9E2B106}.Debug|Any CPU.Build.0 = Debug|Any CPU
		{8A3317CF-478B-4355-8D9E-9E3BB9E2B106}.Release|Any CPU.ActiveCfg = Release|Any CPU
		{8A3317CF-478B-4355-8D9E-9E3BB9E2B106}.Release|Any CPU.Build.0 = Release|Any CPU
		{39277FD0-1832-45AE-8E8A-56E588D9BCA3}.Debug|Any CPU.ActiveCfg = Debug|Any CPU
		{39277FD0-1832-45AE-8E8A-56E588D9BCA3}.Debug|Any CPU.Build.0 = Debug|Any CPU
		{39277FD0-1832-45AE-8E8A-56E588D9BCA3}.Release|Any CPU.ActiveCfg = Release|Any CPU
		{39277FD0-1832-45AE-8E8A-56E588D9BCA3}.Release|Any CPU.Build.0 = Release|Any CPU
		{098A21A3-BF66-4586-90E0-76810BDF1B4A}.Debug|Any CPU.ActiveCfg = Debug|Any CPU
		{098A21A3-BF66-4586-90E0-76810BDF1B4A}.Debug|Any CPU.Build.0 = Debug|Any CPU
		{098A21A3-BF66-4586-90E0-76810BDF1B4A}.Release|Any CPU.ActiveCfg = Release|Any CPU
		{098A21A3-BF66-4586-90E0-76810BDF1B4A}.Release|Any CPU.Build.0 = Release|Any CPU
		{EA1B9CF2-403E-4315-8707-09EA66DDEB46}.Debug|Any CPU.ActiveCfg = Debug|Any CPU
		{EA1B9CF2-403E-4315-8707-09EA66DDEB46}.Debug|Any CPU.Build.0 = Debug|Any CPU
		{EA1B9CF2-403E-4315-8707-09EA66DDEB46}.Release|Any CPU.ActiveCfg = Release|Any CPU
		{EA1B9CF2-403E-4315-8707-09EA66DDEB46}.Release|Any CPU.Build.0 = Release|Any CPU
		{5F99213F-FFDF-4DDA-A17F-3C1C5841CF5A}.Debug|Any CPU.ActiveCfg = Debug|Any CPU
		{5F99213F-FFDF-4DDA-A17F-3C1C5841CF5A}.Debug|Any CPU.Build.0 = Debug|Any CPU
		{5F99213F-FFDF-4DDA-A17F-3C1C5841CF5A}.Release|Any CPU.ActiveCfg = Release|Any CPU
		{5F99213F-FFDF-4DDA-A17F-3C1C5841CF5A}.Release|Any CPU.Build.0 = Release|Any CPU
		{BFB1C2CA-0A2A-4C06-97AE-74E4090DFB41}.Debug|Any CPU.ActiveCfg = Debug|Any CPU
		{BFB1C2CA-0A2A-4C06-97AE-74E4090DFB41}.Debug|Any CPU.Build.0 = Debug|Any CPU
		{BFB1C2CA-0A2A-4C06-97AE-74E4090DFB41}.Release|Any CPU.ActiveCfg = Release|Any CPU
		{BFB1C2CA-0A2A-4C06-97AE-74E4090DFB41}.Release|Any CPU.Build.0 = Release|Any CPU
		{8E6E4CBF-1B84-4F1D-BF04-2B2AF48A15E6}.Debug|Any CPU.ActiveCfg = Debug|Any CPU
		{8E6E4CBF-1B84-4F1D-BF04-2B2AF48A15E6}.Debug|Any CPU.Build.0 = Debug|Any CPU
		{8E6E4CBF-1B84-4F1D-BF04-2B2AF48A15E6}.Release|Any CPU.ActiveCfg = Release|Any CPU
		{8E6E4CBF-1B84-4F1D-BF04-2B2AF48A15E6}.Release|Any CPU.Build.0 = Release|Any CPU
		{16F8C67D-43A3-463C-8B2F-82006F989326}.Debug|Any CPU.ActiveCfg = Debug|Any CPU
		{16F8C67D-43A3-463C-8B2F-82006F989326}.Debug|Any CPU.Build.0 = Debug|Any CPU
		{16F8C67D-43A3-463C-8B2F-82006F989326}.Release|Any CPU.ActiveCfg = Release|Any CPU
		{16F8C67D-43A3-463C-8B2F-82006F989326}.Release|Any CPU.Build.0 = Release|Any CPU
		{BC7B9B0B-E7ED-4282-A638-A796789E0F94}.Debug|Any CPU.ActiveCfg = Debug|Any CPU
		{BC7B9B0B-E7ED-4282-A638-A796789E0F94}.Debug|Any CPU.Build.0 = Debug|Any CPU
		{BC7B9B0B-E7ED-4282-A638-A796789E0F94}.Release|Any CPU.ActiveCfg = Release|Any CPU
		{BC7B9B0B-E7ED-4282-A638-A796789E0F94}.Release|Any CPU.Build.0 = Release|Any CPU
		{109AACFB-E3B7-4A31-AF84-DBC0CDDAE2AA}.Debug|Any CPU.ActiveCfg = Debug|Any CPU
		{109AACFB-E3B7-4A31-AF84-DBC0CDDAE2AA}.Debug|Any CPU.Build.0 = Debug|Any CPU
		{109AACFB-E3B7-4A31-AF84-DBC0CDDAE2AA}.Release|Any CPU.ActiveCfg = Release|Any CPU
		{109AACFB-E3B7-4A31-AF84-DBC0CDDAE2AA}.Release|Any CPU.Build.0 = Release|Any CPU
		{EC535CFE-F79C-4195-9302-91CC9394F61F}.Debug|Any CPU.ActiveCfg = Debug|Any CPU
		{EC535CFE-F79C-4195-9302-91CC9394F61F}.Debug|Any CPU.Build.0 = Debug|Any CPU
		{EC535CFE-F79C-4195-9302-91CC9394F61F}.Release|Any CPU.ActiveCfg = Release|Any CPU
		{EC535CFE-F79C-4195-9302-91CC9394F61F}.Release|Any CPU.Build.0 = Release|Any CPU
		{CF054D3F-3AC5-40CB-9647-5FE3466CEF3C}.Debug|Any CPU.ActiveCfg = Debug|Any CPU
		{CF054D3F-3AC5-40CB-9647-5FE3466CEF3C}.Debug|Any CPU.Build.0 = Debug|Any CPU
		{CF054D3F-3AC5-40CB-9647-5FE3466CEF3C}.Release|Any CPU.ActiveCfg = Release|Any CPU
		{CF054D3F-3AC5-40CB-9647-5FE3466CEF3C}.Release|Any CPU.Build.0 = Release|Any CPU
		{029ED5FA-4048-4831-9341-D38EB4832BE8}.Debug|Any CPU.ActiveCfg = Debug|Any CPU
		{029ED5FA-4048-4831-9341-D38EB4832BE8}.Debug|Any CPU.Build.0 = Debug|Any CPU
		{029ED5FA-4048-4831-9341-D38EB4832BE8}.Release|Any CPU.ActiveCfg = Release|Any CPU
		{029ED5FA-4048-4831-9341-D38EB4832BE8}.Release|Any CPU.Build.0 = Release|Any CPU
		{FAD5E23F-CFB0-40DD-9349-FB3EE6C4DEB7}.Debug|Any CPU.ActiveCfg = Debug|Any CPU
		{FAD5E23F-CFB0-40DD-9349-FB3EE6C4DEB7}.Debug|Any CPU.Build.0 = Debug|Any CPU
		{FAD5E23F-CFB0-40DD-9349-FB3EE6C4DEB7}.Release|Any CPU.ActiveCfg = Release|Any CPU
		{FAD5E23F-CFB0-40DD-9349-FB3EE6C4DEB7}.Release|Any CPU.Build.0 = Release|Any CPU
		{5C1AE50E-CF31-4C4B-BC41-0AD99BCEAD2F}.Debug|Any CPU.ActiveCfg = Debug|Any CPU
		{5C1AE50E-CF31-4C4B-BC41-0AD99BCEAD2F}.Debug|Any CPU.Build.0 = Debug|Any CPU
		{5C1AE50E-CF31-4C4B-BC41-0AD99BCEAD2F}.Release|Any CPU.ActiveCfg = Release|Any CPU
		{5C1AE50E-CF31-4C4B-BC41-0AD99BCEAD2F}.Release|Any CPU.Build.0 = Release|Any CPU
		{D4A791B7-C836-4EC1-808D-1577AAED9FC5}.Debug|Any CPU.ActiveCfg = Debug|Any CPU
		{D4A791B7-C836-4EC1-808D-1577AAED9FC5}.Debug|Any CPU.Build.0 = Debug|Any CPU
		{D4A791B7-C836-4EC1-808D-1577AAED9FC5}.Release|Any CPU.ActiveCfg = Release|Any CPU
		{D4A791B7-C836-4EC1-808D-1577AAED9FC5}.Release|Any CPU.Build.0 = Release|Any CPU
		{ABC81DE1-17EE-47F8-9D0A-A34BA96DB11C}.Debug|Any CPU.ActiveCfg = Debug|Any CPU
		{ABC81DE1-17EE-47F8-9D0A-A34BA96DB11C}.Debug|Any CPU.Build.0 = Debug|Any CPU
		{ABC81DE1-17EE-47F8-9D0A-A34BA96DB11C}.Release|Any CPU.ActiveCfg = Release|Any CPU
		{ABC81DE1-17EE-47F8-9D0A-A34BA96DB11C}.Release|Any CPU.Build.0 = Release|Any CPU
		{D8628F3C-AB08-488D-B5ED-9856D006602C}.Debug|Any CPU.ActiveCfg = Debug|Any CPU
		{D8628F3C-AB08-488D-B5ED-9856D006602C}.Debug|Any CPU.Build.0 = Debug|Any CPU
		{D8628F3C-AB08-488D-B5ED-9856D006602C}.Release|Any CPU.ActiveCfg = Release|Any CPU
		{D8628F3C-AB08-488D-B5ED-9856D006602C}.Release|Any CPU.Build.0 = Release|Any CPU
		{CE73078D-B4E7-4D12-9F15-25A5AC107B8C}.Debug|Any CPU.ActiveCfg = Debug|Any CPU
		{CE73078D-B4E7-4D12-9F15-25A5AC107B8C}.Debug|Any CPU.Build.0 = Debug|Any CPU
		{CE73078D-B4E7-4D12-9F15-25A5AC107B8C}.Release|Any CPU.ActiveCfg = Release|Any CPU
		{CE73078D-B4E7-4D12-9F15-25A5AC107B8C}.Release|Any CPU.Build.0 = Release|Any CPU
		{734205BE-A362-4984-B969-C4FE89C45913}.Debug|Any CPU.ActiveCfg = Debug|Any CPU
		{734205BE-A362-4984-B969-C4FE89C45913}.Debug|Any CPU.Build.0 = Debug|Any CPU
		{734205BE-A362-4984-B969-C4FE89C45913}.Release|Any CPU.ActiveCfg = Release|Any CPU
		{734205BE-A362-4984-B969-C4FE89C45913}.Release|Any CPU.Build.0 = Release|Any CPU
		{E1709003-DACC-484A-B9EF-BB22D40ED489}.Debug|Any CPU.ActiveCfg = Debug|Any CPU
		{E1709003-DACC-484A-B9EF-BB22D40ED489}.Debug|Any CPU.Build.0 = Debug|Any CPU
		{E1709003-DACC-484A-B9EF-BB22D40ED489}.Release|Any CPU.ActiveCfg = Release|Any CPU
		{E1709003-DACC-484A-B9EF-BB22D40ED489}.Release|Any CPU.Build.0 = Release|Any CPU
		{83D94745-2FCC-46A2-ABB7-8A88FAC9D75D}.Debug|Any CPU.ActiveCfg = Debug|Any CPU
		{83D94745-2FCC-46A2-ABB7-8A88FAC9D75D}.Debug|Any CPU.Build.0 = Debug|Any CPU
		{83D94745-2FCC-46A2-ABB7-8A88FAC9D75D}.Release|Any CPU.ActiveCfg = Release|Any CPU
		{83D94745-2FCC-46A2-ABB7-8A88FAC9D75D}.Release|Any CPU.Build.0 = Release|Any CPU
		{C4150344-A5C5-446C-8ABD-E5D96F30E759}.Debug|Any CPU.ActiveCfg = Debug|Any CPU
		{C4150344-A5C5-446C-8ABD-E5D96F30E759}.Debug|Any CPU.Build.0 = Debug|Any CPU
		{C4150344-A5C5-446C-8ABD-E5D96F30E759}.Release|Any CPU.ActiveCfg = Release|Any CPU
		{C4150344-A5C5-446C-8ABD-E5D96F30E759}.Release|Any CPU.Build.0 = Release|Any CPU
		{BBCDC18F-5C11-4B14-BD60-ED951DD38A45}.Debug|Any CPU.ActiveCfg = Debug|Any CPU
		{BBCDC18F-5C11-4B14-BD60-ED951DD38A45}.Debug|Any CPU.Build.0 = Debug|Any CPU
		{BBCDC18F-5C11-4B14-BD60-ED951DD38A45}.Release|Any CPU.ActiveCfg = Release|Any CPU
		{BBCDC18F-5C11-4B14-BD60-ED951DD38A45}.Release|Any CPU.Build.0 = Release|Any CPU
		{84631E87-06B5-4217-A159-B779CF57F1DB}.Debug|Any CPU.ActiveCfg = Debug|Any CPU
		{84631E87-06B5-4217-A159-B779CF57F1DB}.Debug|Any CPU.Build.0 = Debug|Any CPU
		{84631E87-06B5-4217-A159-B779CF57F1DB}.Release|Any CPU.ActiveCfg = Release|Any CPU
		{84631E87-06B5-4217-A159-B779CF57F1DB}.Release|Any CPU.Build.0 = Release|Any CPU
		{F0336719-282B-4736-A510-F97B330EE9B0}.Debug|Any CPU.ActiveCfg = Debug|Any CPU
		{F0336719-282B-4736-A510-F97B330EE9B0}.Debug|Any CPU.Build.0 = Debug|Any CPU
		{F0336719-282B-4736-A510-F97B330EE9B0}.Release|Any CPU.ActiveCfg = Release|Any CPU
		{F0336719-282B-4736-A510-F97B330EE9B0}.Release|Any CPU.Build.0 = Release|Any CPU
		{7478D329-BBAD-4FA9-8ACC-6D8EC0689079}.Debug|Any CPU.ActiveCfg = Debug|Any CPU
		{7478D329-BBAD-4FA9-8ACC-6D8EC0689079}.Debug|Any CPU.Build.0 = Debug|Any CPU
		{7478D329-BBAD-4FA9-8ACC-6D8EC0689079}.Release|Any CPU.ActiveCfg = Release|Any CPU
		{7478D329-BBAD-4FA9-8ACC-6D8EC0689079}.Release|Any CPU.Build.0 = Release|Any CPU
		{CF5B0FDF-0A99-4D23-AE1A-07331C028AD3}.Debug|Any CPU.ActiveCfg = Debug|Any CPU
		{CF5B0FDF-0A99-4D23-AE1A-07331C028AD3}.Debug|Any CPU.Build.0 = Debug|Any CPU
		{CF5B0FDF-0A99-4D23-AE1A-07331C028AD3}.Release|Any CPU.ActiveCfg = Release|Any CPU
		{CF5B0FDF-0A99-4D23-AE1A-07331C028AD3}.Release|Any CPU.Build.0 = Release|Any CPU
		{C3676BD6-C00D-494F-AE69-AB6408C1B881}.Debug|Any CPU.ActiveCfg = Debug|Any CPU
		{C3676BD6-C00D-494F-AE69-AB6408C1B881}.Debug|Any CPU.Build.0 = Debug|Any CPU
		{C3676BD6-C00D-494F-AE69-AB6408C1B881}.Release|Any CPU.ActiveCfg = Release|Any CPU
		{C3676BD6-C00D-494F-AE69-AB6408C1B881}.Release|Any CPU.Build.0 = Release|Any CPU
		{E614585A-ECF2-47F0-BDDE-EA5751BDB781}.Debug|Any CPU.ActiveCfg = Debug|Any CPU
		{E614585A-ECF2-47F0-BDDE-EA5751BDB781}.Debug|Any CPU.Build.0 = Debug|Any CPU
		{E614585A-ECF2-47F0-BDDE-EA5751BDB781}.Release|Any CPU.ActiveCfg = Release|Any CPU
		{E614585A-ECF2-47F0-BDDE-EA5751BDB781}.Release|Any CPU.Build.0 = Release|Any CPU
		{287AC228-CE26-4EC5-A3D9-A4723E2174C1}.Debug|Any CPU.ActiveCfg = Debug|Any CPU
		{287AC228-CE26-4EC5-A3D9-A4723E2174C1}.Debug|Any CPU.Build.0 = Debug|Any CPU
		{287AC228-CE26-4EC5-A3D9-A4723E2174C1}.Release|Any CPU.ActiveCfg = Release|Any CPU
		{287AC228-CE26-4EC5-A3D9-A4723E2174C1}.Release|Any CPU.Build.0 = Release|Any CPU
		{4265F54D-3D71-4D4F-A08F-F47DB02E1F21}.Debug|Any CPU.ActiveCfg = Debug|Any CPU
		{4265F54D-3D71-4D4F-A08F-F47DB02E1F21}.Debug|Any CPU.Build.0 = Debug|Any CPU
		{4265F54D-3D71-4D4F-A08F-F47DB02E1F21}.Release|Any CPU.ActiveCfg = Release|Any CPU
		{4265F54D-3D71-4D4F-A08F-F47DB02E1F21}.Release|Any CPU.Build.0 = Release|Any CPU
		{96C8067F-A8CF-43DD-822C-BEA914ADDFC1}.Debug|Any CPU.ActiveCfg = Debug|Any CPU
		{96C8067F-A8CF-43DD-822C-BEA914ADDFC1}.Debug|Any CPU.Build.0 = Debug|Any CPU
		{96C8067F-A8CF-43DD-822C-BEA914ADDFC1}.Release|Any CPU.ActiveCfg = Release|Any CPU
		{96C8067F-A8CF-43DD-822C-BEA914ADDFC1}.Release|Any CPU.Build.0 = Release|Any CPU
		{54AE84F4-646C-448A-911E-C1DE94853054}.Debug|Any CPU.ActiveCfg = Debug|Any CPU
		{54AE84F4-646C-448A-911E-C1DE94853054}.Debug|Any CPU.Build.0 = Debug|Any CPU
		{54AE84F4-646C-448A-911E-C1DE94853054}.Release|Any CPU.ActiveCfg = Release|Any CPU
		{54AE84F4-646C-448A-911E-C1DE94853054}.Release|Any CPU.Build.0 = Release|Any CPU
		{98403368-2AE1-4A23-ABB9-EEF396315422}.Debug|Any CPU.ActiveCfg = Debug|Any CPU
		{98403368-2AE1-4A23-ABB9-EEF396315422}.Debug|Any CPU.Build.0 = Debug|Any CPU
		{98403368-2AE1-4A23-ABB9-EEF396315422}.Release|Any CPU.ActiveCfg = Release|Any CPU
		{98403368-2AE1-4A23-ABB9-EEF396315422}.Release|Any CPU.Build.0 = Release|Any CPU
		{0F13F707-7CA0-4B83-9AA4-0F7D4C8EB405}.Debug|Any CPU.ActiveCfg = Debug|Any CPU
		{0F13F707-7CA0-4B83-9AA4-0F7D4C8EB405}.Debug|Any CPU.Build.0 = Debug|Any CPU
		{0F13F707-7CA0-4B83-9AA4-0F7D4C8EB405}.Release|Any CPU.ActiveCfg = Release|Any CPU
		{0F13F707-7CA0-4B83-9AA4-0F7D4C8EB405}.Release|Any CPU.Build.0 = Release|Any CPU
		{BCB93870-0F6D-4A9C-A7D3-C45FE35A05C0}.Debug|Any CPU.ActiveCfg = Debug|Any CPU
		{BCB93870-0F6D-4A9C-A7D3-C45FE35A05C0}.Debug|Any CPU.Build.0 = Debug|Any CPU
		{BCB93870-0F6D-4A9C-A7D3-C45FE35A05C0}.Release|Any CPU.ActiveCfg = Release|Any CPU
		{BCB93870-0F6D-4A9C-A7D3-C45FE35A05C0}.Release|Any CPU.Build.0 = Release|Any CPU
		{D0C4DBE9-7A21-4065-A261-1D14151512E5}.Debug|Any CPU.ActiveCfg = Debug|Any CPU
		{D0C4DBE9-7A21-4065-A261-1D14151512E5}.Debug|Any CPU.Build.0 = Debug|Any CPU
		{D0C4DBE9-7A21-4065-A261-1D14151512E5}.Release|Any CPU.ActiveCfg = Release|Any CPU
		{D0C4DBE9-7A21-4065-A261-1D14151512E5}.Release|Any CPU.Build.0 = Release|Any CPU
		{616053F7-8105-4825-B0BF-6D06F7870D6F}.Debug|Any CPU.ActiveCfg = Debug|Any CPU
		{616053F7-8105-4825-B0BF-6D06F7870D6F}.Debug|Any CPU.Build.0 = Debug|Any CPU
		{616053F7-8105-4825-B0BF-6D06F7870D6F}.Release|Any CPU.ActiveCfg = Release|Any CPU
		{616053F7-8105-4825-B0BF-6D06F7870D6F}.Release|Any CPU.Build.0 = Release|Any CPU
		{60AC84DA-D081-4BD6-A046-F4E6408E3276}.Debug|Any CPU.ActiveCfg = Debug|Any CPU
		{60AC84DA-D081-4BD6-A046-F4E6408E3276}.Debug|Any CPU.Build.0 = Debug|Any CPU
		{60AC84DA-D081-4BD6-A046-F4E6408E3276}.Release|Any CPU.ActiveCfg = Release|Any CPU
		{60AC84DA-D081-4BD6-A046-F4E6408E3276}.Release|Any CPU.Build.0 = Release|Any CPU
		{2D949F9D-91DB-4886-978F-84B662E6D641}.Debug|Any CPU.ActiveCfg = Debug|Any CPU
		{2D949F9D-91DB-4886-978F-84B662E6D641}.Debug|Any CPU.Build.0 = Debug|Any CPU
		{2D949F9D-91DB-4886-978F-84B662E6D641}.Release|Any CPU.ActiveCfg = Release|Any CPU
		{2D949F9D-91DB-4886-978F-84B662E6D641}.Release|Any CPU.Build.0 = Release|Any CPU
		{B399B72E-3C11-420B-85A1-7F722EBED1A8}.Debug|Any CPU.ActiveCfg = Debug|Any CPU
		{B399B72E-3C11-420B-85A1-7F722EBED1A8}.Debug|Any CPU.Build.0 = Debug|Any CPU
		{B399B72E-3C11-420B-85A1-7F722EBED1A8}.Release|Any CPU.ActiveCfg = Release|Any CPU
		{B399B72E-3C11-420B-85A1-7F722EBED1A8}.Release|Any CPU.Build.0 = Release|Any CPU
		{FD5F7F19-89CD-4586-B711-D0B3CF59EAEE}.Debug|Any CPU.ActiveCfg = Debug|Any CPU
		{FD5F7F19-89CD-4586-B711-D0B3CF59EAEE}.Debug|Any CPU.Build.0 = Debug|Any CPU
		{FD5F7F19-89CD-4586-B711-D0B3CF59EAEE}.Release|Any CPU.ActiveCfg = Release|Any CPU
		{FD5F7F19-89CD-4586-B711-D0B3CF59EAEE}.Release|Any CPU.Build.0 = Release|Any CPU
		{F9876E1F-0B1C-4B07-94CF-C8BCA3B8A289}.Debug|Any CPU.ActiveCfg = Debug|Any CPU
		{F9876E1F-0B1C-4B07-94CF-C8BCA3B8A289}.Debug|Any CPU.Build.0 = Debug|Any CPU
		{F9876E1F-0B1C-4B07-94CF-C8BCA3B8A289}.Release|Any CPU.ActiveCfg = Release|Any CPU
		{F9876E1F-0B1C-4B07-94CF-C8BCA3B8A289}.Release|Any CPU.Build.0 = Release|Any CPU
		{1B1F24E6-8878-48EA-8994-FCA774FE7FCC}.Debug|Any CPU.ActiveCfg = Debug|Any CPU
		{1B1F24E6-8878-48EA-8994-FCA774FE7FCC}.Debug|Any CPU.Build.0 = Debug|Any CPU
		{1B1F24E6-8878-48EA-8994-FCA774FE7FCC}.Release|Any CPU.ActiveCfg = Release|Any CPU
		{1B1F24E6-8878-48EA-8994-FCA774FE7FCC}.Release|Any CPU.Build.0 = Release|Any CPU
		{86436B0D-DB2E-4C8F-B5FA-F9C32B788D5B}.Debug|Any CPU.ActiveCfg = Debug|Any CPU
		{86436B0D-DB2E-4C8F-B5FA-F9C32B788D5B}.Debug|Any CPU.Build.0 = Debug|Any CPU
		{86436B0D-DB2E-4C8F-B5FA-F9C32B788D5B}.Release|Any CPU.ActiveCfg = Release|Any CPU
		{86436B0D-DB2E-4C8F-B5FA-F9C32B788D5B}.Release|Any CPU.Build.0 = Release|Any CPU
		{2678F37A-5A22-484B-BFFD-B902CC902C63}.Debug|Any CPU.ActiveCfg = Debug|Any CPU
		{2678F37A-5A22-484B-BFFD-B902CC902C63}.Debug|Any CPU.Build.0 = Debug|Any CPU
		{2678F37A-5A22-484B-BFFD-B902CC902C63}.Release|Any CPU.ActiveCfg = Release|Any CPU
		{2678F37A-5A22-484B-BFFD-B902CC902C63}.Release|Any CPU.Build.0 = Release|Any CPU
		{E2733788-3942-4DFF-BFA7-2F601A954AB6}.Debug|Any CPU.ActiveCfg = Debug|Any CPU
		{E2733788-3942-4DFF-BFA7-2F601A954AB6}.Debug|Any CPU.Build.0 = Debug|Any CPU
		{E2733788-3942-4DFF-BFA7-2F601A954AB6}.Release|Any CPU.ActiveCfg = Release|Any CPU
		{E2733788-3942-4DFF-BFA7-2F601A954AB6}.Release|Any CPU.Build.0 = Release|Any CPU
		{33E45478-A8D8-47C6-8376-450244AFE7D7}.Debug|Any CPU.ActiveCfg = Debug|Any CPU
		{33E45478-A8D8-47C6-8376-450244AFE7D7}.Debug|Any CPU.Build.0 = Debug|Any CPU
		{33E45478-A8D8-47C6-8376-450244AFE7D7}.Release|Any CPU.ActiveCfg = Release|Any CPU
		{33E45478-A8D8-47C6-8376-450244AFE7D7}.Release|Any CPU.Build.0 = Release|Any CPU
		{AEBEFACE-D21D-4525-AE31-8FFB36B2796F}.Debug|Any CPU.ActiveCfg = Debug|Any CPU
		{AEBEFACE-D21D-4525-AE31-8FFB36B2796F}.Debug|Any CPU.Build.0 = Debug|Any CPU
		{AEBEFACE-D21D-4525-AE31-8FFB36B2796F}.Release|Any CPU.ActiveCfg = Release|Any CPU
		{AEBEFACE-D21D-4525-AE31-8FFB36B2796F}.Release|Any CPU.Build.0 = Release|Any CPU
		{92271CC7-6B47-479F-9F4B-42B44F08C5C5}.Debug|Any CPU.ActiveCfg = Debug|Any CPU
		{92271CC7-6B47-479F-9F4B-42B44F08C5C5}.Debug|Any CPU.Build.0 = Debug|Any CPU
		{92271CC7-6B47-479F-9F4B-42B44F08C5C5}.Release|Any CPU.ActiveCfg = Release|Any CPU
		{92271CC7-6B47-479F-9F4B-42B44F08C5C5}.Release|Any CPU.Build.0 = Release|Any CPU
		{F6139995-33C4-4C20-916C-2002AF1E8745}.Debug|Any CPU.ActiveCfg = Debug|Any CPU
		{F6139995-33C4-4C20-916C-2002AF1E8745}.Debug|Any CPU.Build.0 = Debug|Any CPU
		{F6139995-33C4-4C20-916C-2002AF1E8745}.Release|Any CPU.ActiveCfg = Release|Any CPU
		{F6139995-33C4-4C20-916C-2002AF1E8745}.Release|Any CPU.Build.0 = Release|Any CPU
		{5482BCD2-439D-4E4D-8B1F-51C7D5F989F0}.Debug|Any CPU.ActiveCfg = Debug|Any CPU
		{5482BCD2-439D-4E4D-8B1F-51C7D5F989F0}.Debug|Any CPU.Build.0 = Debug|Any CPU
		{5482BCD2-439D-4E4D-8B1F-51C7D5F989F0}.Release|Any CPU.ActiveCfg = Release|Any CPU
		{5482BCD2-439D-4E4D-8B1F-51C7D5F989F0}.Release|Any CPU.Build.0 = Release|Any CPU
		{05F32216-ADE5-4170-BF09-6BC4270B7231}.Debug|Any CPU.ActiveCfg = Debug|Any CPU
		{05F32216-ADE5-4170-BF09-6BC4270B7231}.Debug|Any CPU.Build.0 = Debug|Any CPU
		{05F32216-ADE5-4170-BF09-6BC4270B7231}.Release|Any CPU.ActiveCfg = Release|Any CPU
		{05F32216-ADE5-4170-BF09-6BC4270B7231}.Release|Any CPU.Build.0 = Release|Any CPU
		{B3AFEEC1-071F-4016-B1DF-B2E07ACFCCE8}.Debug|Any CPU.ActiveCfg = Debug|Any CPU
		{B3AFEEC1-071F-4016-B1DF-B2E07ACFCCE8}.Debug|Any CPU.Build.0 = Debug|Any CPU
		{B3AFEEC1-071F-4016-B1DF-B2E07ACFCCE8}.Release|Any CPU.ActiveCfg = Release|Any CPU
		{B3AFEEC1-071F-4016-B1DF-B2E07ACFCCE8}.Release|Any CPU.Build.0 = Release|Any CPU
		{28876A56-2A09-45C2-9446-C562DC217CC2}.Debug|Any CPU.ActiveCfg = Debug|Any CPU
		{28876A56-2A09-45C2-9446-C562DC217CC2}.Debug|Any CPU.Build.0 = Debug|Any CPU
		{28876A56-2A09-45C2-9446-C562DC217CC2}.Release|Any CPU.ActiveCfg = Release|Any CPU
		{28876A56-2A09-45C2-9446-C562DC217CC2}.Release|Any CPU.Build.0 = Release|Any CPU
		{94AF3534-43C7-41A6-AEC8-2DB8D3904391}.Debug|Any CPU.ActiveCfg = Debug|Any CPU
		{94AF3534-43C7-41A6-AEC8-2DB8D3904391}.Debug|Any CPU.Build.0 = Debug|Any CPU
		{94AF3534-43C7-41A6-AEC8-2DB8D3904391}.Release|Any CPU.ActiveCfg = Release|Any CPU
		{94AF3534-43C7-41A6-AEC8-2DB8D3904391}.Release|Any CPU.Build.0 = Release|Any CPU
		{885908C8-B32F-46E5-9B58-140271EEF5D7}.Debug|Any CPU.ActiveCfg = Debug|Any CPU
		{885908C8-B32F-46E5-9B58-140271EEF5D7}.Debug|Any CPU.Build.0 = Debug|Any CPU
		{885908C8-B32F-46E5-9B58-140271EEF5D7}.Release|Any CPU.ActiveCfg = Release|Any CPU
		{885908C8-B32F-46E5-9B58-140271EEF5D7}.Release|Any CPU.Build.0 = Release|Any CPU
		{E3035EE1-1416-4BB8-8FA0-D727A7658CE1}.Debug|Any CPU.ActiveCfg = Debug|Any CPU
		{E3035EE1-1416-4BB8-8FA0-D727A7658CE1}.Debug|Any CPU.Build.0 = Debug|Any CPU
		{E3035EE1-1416-4BB8-8FA0-D727A7658CE1}.Release|Any CPU.ActiveCfg = Release|Any CPU
		{E3035EE1-1416-4BB8-8FA0-D727A7658CE1}.Release|Any CPU.Build.0 = Release|Any CPU
		{390C1BF2-4A06-4806-86A6-27EB635C1903}.Debug|Any CPU.ActiveCfg = Debug|Any CPU
		{390C1BF2-4A06-4806-86A6-27EB635C1903}.Debug|Any CPU.Build.0 = Debug|Any CPU
		{390C1BF2-4A06-4806-86A6-27EB635C1903}.Release|Any CPU.ActiveCfg = Release|Any CPU
		{390C1BF2-4A06-4806-86A6-27EB635C1903}.Release|Any CPU.Build.0 = Release|Any CPU
		{96FDE64A-D9ED-4988-9DCF-5995C510634C}.Debug|Any CPU.ActiveCfg = Debug|Any CPU
		{96FDE64A-D9ED-4988-9DCF-5995C510634C}.Debug|Any CPU.Build.0 = Debug|Any CPU
		{96FDE64A-D9ED-4988-9DCF-5995C510634C}.Release|Any CPU.ActiveCfg = Release|Any CPU
		{96FDE64A-D9ED-4988-9DCF-5995C510634C}.Release|Any CPU.Build.0 = Release|Any CPU
		{86446AE9-948A-445D-A862-86D885CC061C}.Debug|Any CPU.ActiveCfg = Debug|Any CPU
		{86446AE9-948A-445D-A862-86D885CC061C}.Debug|Any CPU.Build.0 = Debug|Any CPU
		{86446AE9-948A-445D-A862-86D885CC061C}.Release|Any CPU.ActiveCfg = Release|Any CPU
		{86446AE9-948A-445D-A862-86D885CC061C}.Release|Any CPU.Build.0 = Release|Any CPU
		{F329AB61-C29B-434D-A6E0-711B07548B75}.Debug|Any CPU.ActiveCfg = Debug|Any CPU
		{F329AB61-C29B-434D-A6E0-711B07548B75}.Debug|Any CPU.Build.0 = Debug|Any CPU
		{F329AB61-C29B-434D-A6E0-711B07548B75}.Release|Any CPU.ActiveCfg = Release|Any CPU
		{F329AB61-C29B-434D-A6E0-711B07548B75}.Release|Any CPU.Build.0 = Release|Any CPU
	EndGlobalSection
	GlobalSection(SolutionProperties) = preSolution
		HideSolutionNode = FALSE
	EndGlobalSection
	GlobalSection(NestedProjects) = preSolution
		{B3FEDA45-D1F2-4B0D-BA16-15EA8C980506} = {38ADF637-63E2-4998-AC14-606A08F23EE1}
		{6CB97F99-F400-4A80-AF74-BBF57939EEEA} = {0D2DD5A7-01F9-47BF-845D-E5F8CACA63BD}
		{B7896717-8348-4E28-84F8-22C8BC71D608} = {4B7FB24A-B2B6-44E4-B1CB-7598F9B376DE}
		{F2401EE8-F3D2-4C28-96B0-8F00CA32A7B2} = {4B7FB24A-B2B6-44E4-B1CB-7598F9B376DE}
		{FBFF8CB9-FF75-4837-9758-BE0517BD8FF6} = {4B7FB24A-B2B6-44E4-B1CB-7598F9B376DE}
		{294FCCAF-AF6E-4CEF-BB0C-4FB1ACE7C9EB} = {4B7FB24A-B2B6-44E4-B1CB-7598F9B376DE}
		{1858E523-87E6-425E-92F0-361513045245} = {4B7FB24A-B2B6-44E4-B1CB-7598F9B376DE}
		{C8FCE77F-CC19-4478-A5E3-81CCFD753B40} = {4B7FB24A-B2B6-44E4-B1CB-7598F9B376DE}
		{2E913B16-FA37-4C48-8343-B50D94D5C61D} = {4B7FB24A-B2B6-44E4-B1CB-7598F9B376DE}
		{9123308B-263C-4C01-BB51-8FBE15108086} = {4B7FB24A-B2B6-44E4-B1CB-7598F9B376DE}
		{1C07D83F-76FC-48DB-916A-EFF7CC8289F3} = {4B7FB24A-B2B6-44E4-B1CB-7598F9B376DE}
		{C0A527B7-FF01-49CE-8B07-F6637AC7118F} = {4B7FB24A-B2B6-44E4-B1CB-7598F9B376DE}
		{2E4299D1-D808-43D8-A4DD-503F2C3868C9} = {4B7FB24A-B2B6-44E4-B1CB-7598F9B376DE}
		{8B21BA4A-586C-4A0F-A71A-5F1AC8C26C45} = {4B7FB24A-B2B6-44E4-B1CB-7598F9B376DE}
		{CCEBE9D5-C29B-4302-988A-B2097CE9ACA2} = {4B7FB24A-B2B6-44E4-B1CB-7598F9B376DE}
		{802839B0-88D2-4B35-AD00-376777E6E4C1} = {4B7FB24A-B2B6-44E4-B1CB-7598F9B376DE}
		{CA6C2E45-A94F-4815-8D91-9E04293FB7D5} = {4B7FB24A-B2B6-44E4-B1CB-7598F9B376DE}
		{82FA4311-408A-421B-A854-8C37AE1B2F33} = {4B7FB24A-B2B6-44E4-B1CB-7598F9B376DE}
		{BFA00740-3994-4A3D-B19E-2D255FA4AD4E} = {4B7FB24A-B2B6-44E4-B1CB-7598F9B376DE}
		{659FCFD9-75C6-4863-976C-8C27E9C840B9} = {7B621A29-EAE0-49A6-989A-9477045BCD10}
		{E3CBC76A-1B52-42B9-8002-99FC6E042266} = {7B621A29-EAE0-49A6-989A-9477045BCD10}
		{A0CABF98-5810-4B56-8AB7-EE7BBD2C8D05} = {7B621A29-EAE0-49A6-989A-9477045BCD10}
		{F909675F-632E-43BF-B07D-1CFCE2DAB44F} = {7B621A29-EAE0-49A6-989A-9477045BCD10}
		{DDC65400-DCA8-42B5-8089-9C0B3BA11F12} = {7B621A29-EAE0-49A6-989A-9477045BCD10}
		{CF6C1119-56B9-4A9A-BC0F-B0BDC670F075} = {7B621A29-EAE0-49A6-989A-9477045BCD10}
		{FEDE652D-924A-4B66-860E-79B6FBB13A01} = {7B621A29-EAE0-49A6-989A-9477045BCD10}
		{A957D841-ADB5-4A00-AF74-CA59659F4E97} = {7B621A29-EAE0-49A6-989A-9477045BCD10}
		{8AE05F9A-C274-4415-9121-C3642CF6AD0A} = {7B621A29-EAE0-49A6-989A-9477045BCD10}
		{1B5BDE52-E0B0-4C92-AF0A-F9536140221C} = {7B621A29-EAE0-49A6-989A-9477045BCD10}
		{E4AED0A5-1199-4240-8CE4-9FFEFD7F9EE4} = {7B621A29-EAE0-49A6-989A-9477045BCD10}
		{E7EEBB3D-1819-4044-9720-34DFD2D05B0A} = {7B621A29-EAE0-49A6-989A-9477045BCD10}
		{A512C416-B2E8-4E52-8954-58842BAF3EC7} = {89631136-0B71-4CFD-B607-EB445418455A}
		{61809918-9666-4A66-A2BF-361018605809} = {89631136-0B71-4CFD-B607-EB445418455A}
		{5F67D73B-A029-4195-B47A-F21A6A2DDE32} = {87001733-47AE-416B-97AF-1815ADF1E3FB}
		{C33E0EC6-F1F5-4E86-86E2-2BDAD9127DC0} = {87001733-47AE-416B-97AF-1815ADF1E3FB}
		{84CD4A1D-E8E2-41DD-BE44-9B4F18B1723B} = {87001733-47AE-416B-97AF-1815ADF1E3FB}
		{C3689215-4DCA-40E1-92A8-2CC39F6046DB} = {87001733-47AE-416B-97AF-1815ADF1E3FB}
		{E028D813-5F6F-4D8C-88EC-3BE777A5E7C7} = {87001733-47AE-416B-97AF-1815ADF1E3FB}
		{3EDFABAF-52D3-4254-8DDC-49A3FDF19F08} = {38ADF637-63E2-4998-AC14-606A08F23EE1}
		{328AA089-24E2-4AE4-A538-6DD027F9633D} = {38ADF637-63E2-4998-AC14-606A08F23EE1}
		{EA9A2127-3B6F-4E89-8108-07580540F632} = {38ADF637-63E2-4998-AC14-606A08F23EE1}
		{E3BC876D-3497-4756-A71B-47A6B2B66F39} = {38ADF637-63E2-4998-AC14-606A08F23EE1}
		{AA29AC94-5275-4754-B728-EC563488FBA9} = {89631136-0B71-4CFD-B607-EB445418455A}
		{B6999387-F263-4471-9E5C-E552F88115AD} = {90908C30-CC00-40DC-9744-C091E48F84C8}
		{75690519-9229-471F-8319-9369F3659644} = {90908C30-CC00-40DC-9744-C091E48F84C8}
		{85FAE994-7747-4189-94FC-8227C947EA38} = {90908C30-CC00-40DC-9744-C091E48F84C8}
		{C33D42BD-9905-404E-951E-FECB6A04B472} = {90908C30-CC00-40DC-9744-C091E48F84C8}
		{A1C7F145-8BEB-453F-8CC3-D611AF6AA2F6} = {90908C30-CC00-40DC-9744-C091E48F84C8}
		{7CE3CE9B-DBB2-4AA3-93EF-8FF9E21D9CBF} = {90908C30-CC00-40DC-9744-C091E48F84C8}
		{07500464-053C-4268-AA3D-B38CA6526251} = {6314C183-C444-44FB-8E0D-2707D9E3A3C2}
		{DD4C8077-89F4-448A-9C42-B0E19C28325F} = {6314C183-C444-44FB-8E0D-2707D9E3A3C2}
		{61E6D852-0B24-4D84-878B-24440F4F6E14} = {6314C183-C444-44FB-8E0D-2707D9E3A3C2}
		{926E0D03-A348-48E1-9DD9-EC1C883316E6} = {6314C183-C444-44FB-8E0D-2707D9E3A3C2}
		{F82EA035-083C-4769-AFB0-DD48AB8181E9} = {6314C183-C444-44FB-8E0D-2707D9E3A3C2}
		{24159516-F5BF-4F03-82C5-F1BBAF768484} = {6314C183-C444-44FB-8E0D-2707D9E3A3C2}
		{E1616BF4-605F-4529-B19F-23AEFC2A055A} = {6314C183-C444-44FB-8E0D-2707D9E3A3C2}
		{2E9FE74E-7C65-4638-8BBF-90648E2004A9} = {6314C183-C444-44FB-8E0D-2707D9E3A3C2}
		{A33192E1-CEC2-4E94-B54F-2C2A8CC81343} = {89631136-0B71-4CFD-B607-EB445418455A}
		{0BD44ABC-8223-43A9-BBF3-DFDB33EE51F6} = {89631136-0B71-4CFD-B607-EB445418455A}
		{81955884-0C12-4252-AF5A-324DB22E7686} = {89631136-0B71-4CFD-B607-EB445418455A}
		{880C1955-4CF8-4CDC-936A-1EC99527B85F} = {89631136-0B71-4CFD-B607-EB445418455A}
		{18AC2A8A-4315-46F3-B746-4307C702BCBE} = {89631136-0B71-4CFD-B607-EB445418455A}
		{32B42797-2858-412D-9C1B-7633DD90AF5C} = {89631136-0B71-4CFD-B607-EB445418455A}
		{48C7B050-CE85-40A4-8C0E-29EC300751BC} = {89631136-0B71-4CFD-B607-EB445418455A}
		{163ADEFE-4AF5-4EA9-A675-25D7B20ACD31} = {89631136-0B71-4CFD-B607-EB445418455A}
		{25353915-921F-45D7-B734-388AFE73025B} = {89631136-0B71-4CFD-B607-EB445418455A}
		{438FA439-EC9C-4EC3-AC35-80AFFB27B657} = {89631136-0B71-4CFD-B607-EB445418455A}
		{F0AB3AC1-7E68-4D48-904E-CDCD84E4AD7C} = {89631136-0B71-4CFD-B607-EB445418455A}
		{D6724B84-9AD1-4E09-90CF-7E3E3475E658} = {89631136-0B71-4CFD-B607-EB445418455A}
		{FF7EA23A-8481-455F-87D4-96757F605FF1} = {89631136-0B71-4CFD-B607-EB445418455A}
		{2D552257-9C05-4C13-AAAF-32C1E12629C9} = {9D5C9C92-0611-4514-A897-9420CEA29300}
		{13E4282B-2C79-41E4-B438-B50D13A34E48} = {9D5C9C92-0611-4514-A897-9420CEA29300}
		{E5A5EC47-4B03-4A7B-9ED6-D0910232F5C5} = {9D5C9C92-0611-4514-A897-9420CEA29300}
		{16BA3030-F5EF-4F1E-886B-B6A55A049E02} = {9D5C9C92-0611-4514-A897-9420CEA29300}
		{86510686-2838-4860-8556-26F5EDDA8ED0} = {9D5C9C92-0611-4514-A897-9420CEA29300}
		{9B022F7B-E4D2-4FDA-AD8C-D63911CE915A} = {89631136-0B71-4CFD-B607-EB445418455A}
		{A5E65D76-3DEC-47AC-9A32-4B193E2791E0} = {89631136-0B71-4CFD-B607-EB445418455A}
		{8D638F9A-F732-49B4-8D22-1635C486005E} = {89631136-0B71-4CFD-B607-EB445418455A}
		{325944AB-FE7F-44B5-B251-450BE1863220} = {9D5C9C92-0611-4514-A897-9420CEA29300}
		{3C30D29A-608C-4477-A2C5-F3EEED054FC4} = {9D5C9C92-0611-4514-A897-9420CEA29300}
		{CC391A20-6492-40F3-9FF3-A92E97D7A68B} = {9D5C9C92-0611-4514-A897-9420CEA29300}
		{037E0C1F-1A9E-4483-A5C7-8E0D50E53263} = {9D5C9C92-0611-4514-A897-9420CEA29300}
		{58472011-6618-40C1-8B11-6DB6F8BFA6BD} = {9D5C9C92-0611-4514-A897-9420CEA29300}
		{8A3317CF-478B-4355-8D9E-9E3BB9E2B106} = {00C57EF1-7C32-4A92-8C43-DE534A861310}
		{39277FD0-1832-45AE-8E8A-56E588D9BCA3} = {00C57EF1-7C32-4A92-8C43-DE534A861310}
		{098A21A3-BF66-4586-90E0-76810BDF1B4A} = {00C57EF1-7C32-4A92-8C43-DE534A861310}
		{EA1B9CF2-403E-4315-8707-09EA66DDEB46} = {00C57EF1-7C32-4A92-8C43-DE534A861310}
		{5F99213F-FFDF-4DDA-A17F-3C1C5841CF5A} = {89631136-0B71-4CFD-B607-EB445418455A}
		{BFB1C2CA-0A2A-4C06-97AE-74E4090DFB41} = {00C57EF1-7C32-4A92-8C43-DE534A861310}
		{8E6E4CBF-1B84-4F1D-BF04-2B2AF48A15E6} = {00C57EF1-7C32-4A92-8C43-DE534A861310}
		{16F8C67D-43A3-463C-8B2F-82006F989326} = {00C57EF1-7C32-4A92-8C43-DE534A861310}
		{BC7B9B0B-E7ED-4282-A638-A796789E0F94} = {2835E01F-AC3F-4DCA-BC66-A76C723AD7BF}
		{109AACFB-E3B7-4A31-AF84-DBC0CDDAE2AA} = {2835E01F-AC3F-4DCA-BC66-A76C723AD7BF}
		{EC535CFE-F79C-4195-9302-91CC9394F61F} = {2835E01F-AC3F-4DCA-BC66-A76C723AD7BF}
		{CF054D3F-3AC5-40CB-9647-5FE3466CEF3C} = {2835E01F-AC3F-4DCA-BC66-A76C723AD7BF}
		{029ED5FA-4048-4831-9341-D38EB4832BE8} = {2835E01F-AC3F-4DCA-BC66-A76C723AD7BF}
		{FAD5E23F-CFB0-40DD-9349-FB3EE6C4DEB7} = {D992FEA9-8998-466D-A150-A4C00A602C8A}
		{5C1AE50E-CF31-4C4B-BC41-0AD99BCEAD2F} = {D992FEA9-8998-466D-A150-A4C00A602C8A}
		{D4A791B7-C836-4EC1-808D-1577AAED9FC5} = {99901597-8A76-44D5-B4FB-321B67C41510}
		{ABC81DE1-17EE-47F8-9D0A-A34BA96DB11C} = {5A86A7F2-3807-462D-B2B4-0CAE4DDF30C2}
		{D8628F3C-AB08-488D-B5ED-9856D006602C} = {5A86A7F2-3807-462D-B2B4-0CAE4DDF30C2}
		{CE73078D-B4E7-4D12-9F15-25A5AC107B8C} = {5A86A7F2-3807-462D-B2B4-0CAE4DDF30C2}
		{734205BE-A362-4984-B969-C4FE89C45913} = {5A86A7F2-3807-462D-B2B4-0CAE4DDF30C2}
		{E1709003-DACC-484A-B9EF-BB22D40ED489} = {5A86A7F2-3807-462D-B2B4-0CAE4DDF30C2}
		{83D94745-2FCC-46A2-ABB7-8A88FAC9D75D} = {1A0D416E-CB04-424E-8CEC-A0A6EF0C771E}
		{C4150344-A5C5-446C-8ABD-E5D96F30E759} = {1A0D416E-CB04-424E-8CEC-A0A6EF0C771E}
		{BBCDC18F-5C11-4B14-BD60-ED951DD38A45} = {1A0D416E-CB04-424E-8CEC-A0A6EF0C771E}
		{84631E87-06B5-4217-A159-B779CF57F1DB} = {1A0D416E-CB04-424E-8CEC-A0A6EF0C771E}
		{F0336719-282B-4736-A510-F97B330EE9B0} = {1A0D416E-CB04-424E-8CEC-A0A6EF0C771E}
		{7478D329-BBAD-4FA9-8ACC-6D8EC0689079} = {C0B52123-08CF-4C2A-A9DD-F72357C8022B}
		{CF5B0FDF-0A99-4D23-AE1A-07331C028AD3} = {C0B52123-08CF-4C2A-A9DD-F72357C8022B}
		{C3676BD6-C00D-494F-AE69-AB6408C1B881} = {C0B52123-08CF-4C2A-A9DD-F72357C8022B}
		{82C49B91-9988-481F-B0B2-8085D219E016} = {C0B52123-08CF-4C2A-A9DD-F72357C8022B}
		{E614585A-ECF2-47F0-BDDE-EA5751BDB781} = {82C49B91-9988-481F-B0B2-8085D219E016}
		{287AC228-CE26-4EC5-A3D9-A4723E2174C1} = {82C49B91-9988-481F-B0B2-8085D219E016}
		{B7C0317C-8B2F-46E2-A1AE-9A4232F0E9DE} = {C0B52123-08CF-4C2A-A9DD-F72357C8022B}
		{4265F54D-3D71-4D4F-A08F-F47DB02E1F21} = {B7C0317C-8B2F-46E2-A1AE-9A4232F0E9DE}
		{96C8067F-A8CF-43DD-822C-BEA914ADDFC1} = {B7C0317C-8B2F-46E2-A1AE-9A4232F0E9DE}
		{54AE84F4-646C-448A-911E-C1DE94853054} = {E299A0FB-02A5-4567-9471-6C5062A83A1D}
		{98403368-2AE1-4A23-ABB9-EEF396315422} = {9B0DB378-B0EE-4517-86E3-919D16744FC8}
		{0F13F707-7CA0-4B83-9AA4-0F7D4C8EB405} = {6CBFAEF0-A0EF-42AB-8A7E-D55EB4C53640}
		{BCB93870-0F6D-4A9C-A7D3-C45FE35A05C0} = {6CBFAEF0-A0EF-42AB-8A7E-D55EB4C53640}
		{D0C4DBE9-7A21-4065-A261-1D14151512E5} = {6CBFAEF0-A0EF-42AB-8A7E-D55EB4C53640}
		{616053F7-8105-4825-B0BF-6D06F7870D6F} = {6CBFAEF0-A0EF-42AB-8A7E-D55EB4C53640}
		{60AC84DA-D081-4BD6-A046-F4E6408E3276} = {6CBFAEF0-A0EF-42AB-8A7E-D55EB4C53640}
		{2D949F9D-91DB-4886-978F-84B662E6D641} = {6CBFAEF0-A0EF-42AB-8A7E-D55EB4C53640}
		{B399B72E-3C11-420B-85A1-7F722EBED1A8} = {6CBFAEF0-A0EF-42AB-8A7E-D55EB4C53640}
		{FD5F7F19-89CD-4586-B711-D0B3CF59EAEE} = {6CBFAEF0-A0EF-42AB-8A7E-D55EB4C53640}
		{F9876E1F-0B1C-4B07-94CF-C8BCA3B8A289} = {6CBFAEF0-A0EF-42AB-8A7E-D55EB4C53640}
		{1B1F24E6-8878-48EA-8994-FCA774FE7FCC} = {6CBFAEF0-A0EF-42AB-8A7E-D55EB4C53640}
		{86436B0D-DB2E-4C8F-B5FA-F9C32B788D5B} = {6CBFAEF0-A0EF-42AB-8A7E-D55EB4C53640}
		{2678F37A-5A22-484B-BFFD-B902CC902C63} = {6CBFAEF0-A0EF-42AB-8A7E-D55EB4C53640}
		{E2733788-3942-4DFF-BFA7-2F601A954AB6} = {6CBFAEF0-A0EF-42AB-8A7E-D55EB4C53640}
		{33E45478-A8D8-47C6-8376-450244AFE7D7} = {6CBFAEF0-A0EF-42AB-8A7E-D55EB4C53640}
		{AEBEFACE-D21D-4525-AE31-8FFB36B2796F} = {6CBFAEF0-A0EF-42AB-8A7E-D55EB4C53640}
		{92271CC7-6B47-479F-9F4B-42B44F08C5C5} = {6CBFAEF0-A0EF-42AB-8A7E-D55EB4C53640}
		{F6139995-33C4-4C20-916C-2002AF1E8745} = {6CBFAEF0-A0EF-42AB-8A7E-D55EB4C53640}
		{5482BCD2-439D-4E4D-8B1F-51C7D5F989F0} = {6CBFAEF0-A0EF-42AB-8A7E-D55EB4C53640}
		{05F32216-ADE5-4170-BF09-6BC4270B7231} = {5BD1DE17-428F-491B-A658-AFA21C3DC777}
		{B3AFEEC1-071F-4016-B1DF-B2E07ACFCCE8} = {5BD1DE17-428F-491B-A658-AFA21C3DC777}
		{28876A56-2A09-45C2-9446-C562DC217CC2} = {5BD1DE17-428F-491B-A658-AFA21C3DC777}
		{94AF3534-43C7-41A6-AEC8-2DB8D3904391} = {5BD1DE17-428F-491B-A658-AFA21C3DC777}
		{885908C8-B32F-46E5-9B58-140271EEF5D7} = {5BD1DE17-428F-491B-A658-AFA21C3DC777}
		{E3035EE1-1416-4BB8-8FA0-D727A7658CE1} = {5BD1DE17-428F-491B-A658-AFA21C3DC777}
		{390C1BF2-4A06-4806-86A6-27EB635C1903} = {5BD1DE17-428F-491B-A658-AFA21C3DC777}
		{96FDE64A-D9ED-4988-9DCF-5995C510634C} = {5BD1DE17-428F-491B-A658-AFA21C3DC777}
		{86446AE9-948A-445D-A862-86D885CC061C} = {5BD1DE17-428F-491B-A658-AFA21C3DC777}
		{F329AB61-C29B-434D-A6E0-711B07548B75} = {5BD1DE17-428F-491B-A658-AFA21C3DC777}
	EndGlobalSection
	GlobalSection(ExtensibilityGlobals) = postSolution
		SolutionGuid = {E7F6D570-CFB1-485F-ACEA-2F3959F06DBC}
	EndGlobalSection
EndGlobal
